// !$*UTF8*$!
{
	archiveVersion = 1;
	classes = {
	};
	objectVersion = 51;
	objects = {

/* Begin PBXBuildFile section */
		62963EE62451079C000EEE2A /* CharacterHeaderViewModel.swift in Sources */ = {isa = PBXBuildFile; fileRef = 62963EE52451079C000EEE2A /* CharacterHeaderViewModel.swift */; };
		62963EED2452737C000EEE2A /* CharacterPosterHeaderView.swift in Sources */ = {isa = PBXBuildFile; fileRef = 62963EEC2452737C000EEE2A /* CharacterPosterHeaderView.swift */; };
		62963EEF24527576000EEE2A /* CharacterPosterHeaderViewModel.swift in Sources */ = {isa = PBXBuildFile; fileRef = 62963EEE24527576000EEE2A /* CharacterPosterHeaderViewModel.swift */; };
		62963EF5245282EF000EEE2A /* CharacterComicDTO.swift in Sources */ = {isa = PBXBuildFile; fileRef = 62963EF4245282EF000EEE2A /* CharacterComicDTO.swift */; };
		62963EF72452833A000EEE2A /* CharacterComicInfoDTO.swift in Sources */ = {isa = PBXBuildFile; fileRef = 62963EF62452833A000EEE2A /* CharacterComicInfoDTO.swift */; };
		62963EF9245284D0000EEE2A /* CharacterComic.swift in Sources */ = {isa = PBXBuildFile; fileRef = 62963EF8245284D0000EEE2A /* CharacterComic.swift */; };
		62963EFB2452857E000EEE2A /* CharacterSerieViewModel.swift in Sources */ = {isa = PBXBuildFile; fileRef = 62963EFA2452857E000EEE2A /* CharacterSerieViewModel.swift */; };
		62BE3F2D2454660800285F39 /* CharacterSerieInfoDTO.swift in Sources */ = {isa = PBXBuildFile; fileRef = 62BE3F2C2454660800285F39 /* CharacterSerieInfoDTO.swift */; };
		62BE3F2F2454662100285F39 /* CharacterSerieDTO.swift in Sources */ = {isa = PBXBuildFile; fileRef = 62BE3F2E2454662100285F39 /* CharacterSerieDTO.swift */; };
		62BE3F312454670700285F39 /* CharacterSerie.swift in Sources */ = {isa = PBXBuildFile; fileRef = 62BE3F302454670700285F39 /* CharacterSerie.swift */; };
		62BE3F33245467E500285F39 /* CharacterComicViewModel.swift in Sources */ = {isa = PBXBuildFile; fileRef = 62BE3F32245467E500285F39 /* CharacterComicViewModel.swift */; };
		62BE3F3824546B6900285F39 /* CarousellView.swift in Sources */ = {isa = PBXBuildFile; fileRef = 62BE3F3724546B6900285F39 /* CarousellView.swift */; };
		62BE3F3B245472FC00285F39 /* CarousellProtocol.swift in Sources */ = {isa = PBXBuildFile; fileRef = 62BE3F3A245472FC00285F39 /* CarousellProtocol.swift */; };
		62BE3F402455AE7200285F39 /* MComicsModel.xcdatamodeld in Sources */ = {isa = PBXBuildFile; fileRef = 62BE3F3E2455AE7200285F39 /* MComicsModel.xcdatamodeld */; };
		62BE3F452455AFEA00285F39 /* Character.swift in Sources */ = {isa = PBXBuildFile; fileRef = 62BE3F442455AFEA00285F39 /* Character.swift */; };
		62BE3F472455B03E00285F39 /* CharacterRepository.swift in Sources */ = {isa = PBXBuildFile; fileRef = 62BE3F462455B03E00285F39 /* CharacterRepository.swift */; };
		B839A0552447CF7D00EDFD90 /* MarvelImageSize.swift in Sources */ = {isa = PBXBuildFile; fileRef = B839A0542447CF7D00EDFD90 /* MarvelImageSize.swift */; };
		B839A0582447F44300EDFD90 /* Localizable.strings in Resources */ = {isa = PBXBuildFile; fileRef = B839A0572447F44300EDFD90 /* Localizable.strings */; };
		B839A05A2447F46E00EDFD90 /* LocalizableStrings.swift in Sources */ = {isa = PBXBuildFile; fileRef = B839A0592447F46E00EDFD90 /* LocalizableStrings.swift */; };
		B839A05C244928CA00EDFD90 /* ActivityIndicator.swift in Sources */ = {isa = PBXBuildFile; fileRef = B839A05B244928CA00EDFD90 /* ActivityIndicator.swift */; };
		B839A06024492C1E00EDFD90 /* CharacterDetailView.swift in Sources */ = {isa = PBXBuildFile; fileRef = B839A05F24492C1E00EDFD90 /* CharacterDetailView.swift */; };
		B839A06424492F1100EDFD90 /* CharacterDetailViewModel.swift in Sources */ = {isa = PBXBuildFile; fileRef = B839A06324492F1100EDFD90 /* CharacterDetailViewModel.swift */; };
		B839A0692449527600EDFD90 /* UIApplicationExtension.swift in Sources */ = {isa = PBXBuildFile; fileRef = B839A0682449527600EDFD90 /* UIApplicationExtension.swift */; };
		B839A06C244952B400EDFD90 /* ViewExtension.swift in Sources */ = {isa = PBXBuildFile; fileRef = B839A06B244952B400EDFD90 /* ViewExtension.swift */; };
		B839A06F2449530600EDFD90 /* ResignKeyboardOnDragGesture.swift in Sources */ = {isa = PBXBuildFile; fileRef = B839A06E2449530600EDFD90 /* ResignKeyboardOnDragGesture.swift */; };
		B839A072244953B400EDFD90 /* SearchTextField.swift in Sources */ = {isa = PBXBuildFile; fileRef = B839A071244953B400EDFD90 /* SearchTextField.swift */; };
		B8E03BB7244677E300C3180D /* AppDelegate.swift in Sources */ = {isa = PBXBuildFile; fileRef = B8E03BB6244677E300C3180D /* AppDelegate.swift */; };
		B8E03BB9244677E300C3180D /* SceneDelegate.swift in Sources */ = {isa = PBXBuildFile; fileRef = B8E03BB8244677E300C3180D /* SceneDelegate.swift */; };
		B8E03BBD244677E500C3180D /* Assets.xcassets in Resources */ = {isa = PBXBuildFile; fileRef = B8E03BBC244677E500C3180D /* Assets.xcassets */; };
		B8E03BC0244677E500C3180D /* Preview Assets.xcassets in Resources */ = {isa = PBXBuildFile; fileRef = B8E03BBF244677E500C3180D /* Preview Assets.xcassets */; };
		B8E03BC3244677E500C3180D /* LaunchScreen.storyboard in Resources */ = {isa = PBXBuildFile; fileRef = B8E03BC1244677E500C3180D /* LaunchScreen.storyboard */; };
		B8E03BD124467F2C00C3180D /* NetworkManager.swift in Sources */ = {isa = PBXBuildFile; fileRef = B8E03BD024467F2C00C3180D /* NetworkManager.swift */; };
		B8E03BD52446849200C3180D /* NetworkError.swift in Sources */ = {isa = PBXBuildFile; fileRef = B8E03BD42446849200C3180D /* NetworkError.swift */; };
		B8E03BD82446856200C3180D /* URLRequestExtension.swift in Sources */ = {isa = PBXBuildFile; fileRef = B8E03BD72446856200C3180D /* URLRequestExtension.swift */; };
		B8E03BDD2446865B00C3180D /* PlistKey.swift in Sources */ = {isa = PBXBuildFile; fileRef = B8E03BDC2446865B00C3180D /* PlistKey.swift */; };
		B8E03BDF2446867F00C3180D /* MarvelEndpointPlistKey.swift in Sources */ = {isa = PBXBuildFile; fileRef = B8E03BDE2446867F00C3180D /* MarvelEndpointPlistKey.swift */; };
		B8E03BE1244686A700C3180D /* MarvelQueryStringParameter.swift in Sources */ = {isa = PBXBuildFile; fileRef = B8E03BE0244686A700C3180D /* MarvelQueryStringParameter.swift */; };
		B8E03BE4244686C200C3180D /* MarvelEndpointParameters.swift in Sources */ = {isa = PBXBuildFile; fileRef = B8E03BE3244686C200C3180D /* MarvelEndpointParameters.swift */; };
		B8E03BE624468B5800C3180D /* MarvelEndpoints.plist in Resources */ = {isa = PBXBuildFile; fileRef = B8E03BE524468B5800C3180D /* MarvelEndpoints.plist */; };
		B8E03BED24468DF000C3180D /* CharactersViewModel.swift in Sources */ = {isa = PBXBuildFile; fileRef = B8E03BEC24468DF000C3180D /* CharactersViewModel.swift */; };
		B8E03BEF24468E2A00C3180D /* CharacterDTO.swift in Sources */ = {isa = PBXBuildFile; fileRef = B8E03BEE24468E2A00C3180D /* CharacterDTO.swift */; };
		B8E03BF224468EA500C3180D /* CharacterHeader.swift in Sources */ = {isa = PBXBuildFile; fileRef = B8E03BF124468EA500C3180D /* CharacterHeader.swift */; };
		B8E03BF724468FD100C3180D /* CharacterServiceProtocol.swift in Sources */ = {isa = PBXBuildFile; fileRef = B8E03BF624468FD100C3180D /* CharacterServiceProtocol.swift */; };
		B8E03BFB2446907300C3180D /* CharacterService.swift in Sources */ = {isa = PBXBuildFile; fileRef = B8E03BFA2446907300C3180D /* CharacterService.swift */; };
		B8E03BFF244692E100C3180D /* MarvelAPIEnvironment.swift in Sources */ = {isa = PBXBuildFile; fileRef = B8E03BFE244692E100C3180D /* MarvelAPIEnvironment.swift */; };
		B8E03C012446930D00C3180D /* InfoPlistEnvironment.swift in Sources */ = {isa = PBXBuildFile; fileRef = B8E03C002446930D00C3180D /* InfoPlistEnvironment.swift */; };
		B8E03C03244695FA00C3180D /* CharactersView.swift in Sources */ = {isa = PBXBuildFile; fileRef = B8E03C02244695FA00C3180D /* CharactersView.swift */; };
		B8E03C052446A01500C3180D /* DataDTO.swift in Sources */ = {isa = PBXBuildFile; fileRef = B8E03C042446A01500C3180D /* DataDTO.swift */; };
		B8E03C072446A04D00C3180D /* CharacterInfoDTO.swift in Sources */ = {isa = PBXBuildFile; fileRef = B8E03C062446A04D00C3180D /* CharacterInfoDTO.swift */; };
		B8E03C0A2446A86500C3180D /* HomeView.swift in Sources */ = {isa = PBXBuildFile; fileRef = B8E03C092446A86500C3180D /* HomeView.swift */; };
		B8E03C102446A9CF00C3180D /* CharacterHeaderView.swift in Sources */ = {isa = PBXBuildFile; fileRef = B8E03C0F2446A9CF00C3180D /* CharacterHeaderView.swift */; };
		B8E03C132446B14200C3180D /* ThumbnailDTO.swift in Sources */ = {isa = PBXBuildFile; fileRef = B8E03C122446B14200C3180D /* ThumbnailDTO.swift */; };
		E1C6A9312ADCA98585D31217 /* Pods_MComics.framework in Frameworks */ = {isa = PBXBuildFile; fileRef = 7D59E8590239413D5BD9FC82 /* Pods_MComics.framework */; };
/* End PBXBuildFile section */

/* Begin PBXFileReference section */
		219781A3439A8E90D3690B71 /* Pods-MComics.release.xcconfig */ = {isa = PBXFileReference; includeInIndex = 1; lastKnownFileType = text.xcconfig; name = "Pods-MComics.release.xcconfig"; path = "Target Support Files/Pods-MComics/Pods-MComics.release.xcconfig"; sourceTree = "<group>"; };
		40F85976FDC4B020F92F4551 /* Pods-MComics.debug.xcconfig */ = {isa = PBXFileReference; includeInIndex = 1; lastKnownFileType = text.xcconfig; name = "Pods-MComics.debug.xcconfig"; path = "Target Support Files/Pods-MComics/Pods-MComics.debug.xcconfig"; sourceTree = "<group>"; };
		62963EE52451079C000EEE2A /* CharacterHeaderViewModel.swift */ = {isa = PBXFileReference; lastKnownFileType = sourcecode.swift; path = CharacterHeaderViewModel.swift; sourceTree = "<group>"; };
		62963EEC2452737C000EEE2A /* CharacterPosterHeaderView.swift */ = {isa = PBXFileReference; lastKnownFileType = sourcecode.swift; path = CharacterPosterHeaderView.swift; sourceTree = "<group>"; };
		62963EEE24527576000EEE2A /* CharacterPosterHeaderViewModel.swift */ = {isa = PBXFileReference; lastKnownFileType = sourcecode.swift; path = CharacterPosterHeaderViewModel.swift; sourceTree = "<group>"; };
		62963EF4245282EF000EEE2A /* CharacterComicDTO.swift */ = {isa = PBXFileReference; lastKnownFileType = sourcecode.swift; path = CharacterComicDTO.swift; sourceTree = "<group>"; };
		62963EF62452833A000EEE2A /* CharacterComicInfoDTO.swift */ = {isa = PBXFileReference; lastKnownFileType = sourcecode.swift; path = CharacterComicInfoDTO.swift; sourceTree = "<group>"; };
		62963EF8245284D0000EEE2A /* CharacterComic.swift */ = {isa = PBXFileReference; lastKnownFileType = sourcecode.swift; name = CharacterComic.swift; path = MComics/DTOs/MarvelDTOs/Character/CharacterComic.swift; sourceTree = SOURCE_ROOT; };
		62963EFA2452857E000EEE2A /* CharacterSerieViewModel.swift */ = {isa = PBXFileReference; lastKnownFileType = sourcecode.swift; path = CharacterSerieViewModel.swift; sourceTree = "<group>"; };
		62BE3F2C2454660800285F39 /* CharacterSerieInfoDTO.swift */ = {isa = PBXFileReference; lastKnownFileType = sourcecode.swift; path = CharacterSerieInfoDTO.swift; sourceTree = "<group>"; };
		62BE3F2E2454662100285F39 /* CharacterSerieDTO.swift */ = {isa = PBXFileReference; lastKnownFileType = sourcecode.swift; path = CharacterSerieDTO.swift; sourceTree = "<group>"; };
		62BE3F302454670700285F39 /* CharacterSerie.swift */ = {isa = PBXFileReference; lastKnownFileType = sourcecode.swift; name = CharacterSerie.swift; path = MComics/DTOs/MarvelDTOs/Character/CharacterSerie.swift; sourceTree = SOURCE_ROOT; };
		62BE3F32245467E500285F39 /* CharacterComicViewModel.swift */ = {isa = PBXFileReference; lastKnownFileType = sourcecode.swift; path = CharacterComicViewModel.swift; sourceTree = "<group>"; };
		62BE3F3724546B6900285F39 /* CarousellView.swift */ = {isa = PBXFileReference; lastKnownFileType = sourcecode.swift; path = CarousellView.swift; sourceTree = "<group>"; };
		62BE3F3A245472FC00285F39 /* CarousellProtocol.swift */ = {isa = PBXFileReference; lastKnownFileType = sourcecode.swift; path = CarousellProtocol.swift; sourceTree = "<group>"; };
		62BE3F3F2455AE7200285F39 /* MComicsModel.xcdatamodel */ = {isa = PBXFileReference; lastKnownFileType = wrapper.xcdatamodel; path = MComicsModel.xcdatamodel; sourceTree = "<group>"; };
		62BE3F442455AFEA00285F39 /* Character.swift */ = {isa = PBXFileReference; lastKnownFileType = sourcecode.swift; path = Character.swift; sourceTree = "<group>"; };
		62BE3F462455B03E00285F39 /* CharacterRepository.swift */ = {isa = PBXFileReference; lastKnownFileType = sourcecode.swift; path = CharacterRepository.swift; sourceTree = "<group>"; };
		7D59E8590239413D5BD9FC82 /* Pods_MComics.framework */ = {isa = PBXFileReference; explicitFileType = wrapper.framework; includeInIndex = 0; path = Pods_MComics.framework; sourceTree = BUILT_PRODUCTS_DIR; };
		B839A0542447CF7D00EDFD90 /* MarvelImageSize.swift */ = {isa = PBXFileReference; lastKnownFileType = sourcecode.swift; path = MarvelImageSize.swift; sourceTree = "<group>"; };
		B839A0572447F44300EDFD90 /* Localizable.strings */ = {isa = PBXFileReference; lastKnownFileType = text.plist.strings; path = Localizable.strings; sourceTree = "<group>"; };
		B839A0592447F46E00EDFD90 /* LocalizableStrings.swift */ = {isa = PBXFileReference; lastKnownFileType = sourcecode.swift; path = LocalizableStrings.swift; sourceTree = "<group>"; };
		B839A05B244928CA00EDFD90 /* ActivityIndicator.swift */ = {isa = PBXFileReference; lastKnownFileType = sourcecode.swift; path = ActivityIndicator.swift; sourceTree = "<group>"; };
		B839A05F24492C1E00EDFD90 /* CharacterDetailView.swift */ = {isa = PBXFileReference; lastKnownFileType = sourcecode.swift; path = CharacterDetailView.swift; sourceTree = "<group>"; };
		B839A06324492F1100EDFD90 /* CharacterDetailViewModel.swift */ = {isa = PBXFileReference; lastKnownFileType = sourcecode.swift; path = CharacterDetailViewModel.swift; sourceTree = "<group>"; };
		B839A0682449527600EDFD90 /* UIApplicationExtension.swift */ = {isa = PBXFileReference; lastKnownFileType = sourcecode.swift; path = UIApplicationExtension.swift; sourceTree = "<group>"; };
		B839A06B244952B400EDFD90 /* ViewExtension.swift */ = {isa = PBXFileReference; lastKnownFileType = sourcecode.swift; path = ViewExtension.swift; sourceTree = "<group>"; };
		B839A06E2449530600EDFD90 /* ResignKeyboardOnDragGesture.swift */ = {isa = PBXFileReference; lastKnownFileType = sourcecode.swift; path = ResignKeyboardOnDragGesture.swift; sourceTree = "<group>"; };
		B839A071244953B400EDFD90 /* SearchTextField.swift */ = {isa = PBXFileReference; lastKnownFileType = sourcecode.swift; path = SearchTextField.swift; sourceTree = "<group>"; };
		B8E03BB3244677E300C3180D /* MComics.app */ = {isa = PBXFileReference; explicitFileType = wrapper.application; includeInIndex = 0; path = MComics.app; sourceTree = BUILT_PRODUCTS_DIR; };
		B8E03BB6244677E300C3180D /* AppDelegate.swift */ = {isa = PBXFileReference; lastKnownFileType = sourcecode.swift; path = AppDelegate.swift; sourceTree = "<group>"; };
		B8E03BB8244677E300C3180D /* SceneDelegate.swift */ = {isa = PBXFileReference; lastKnownFileType = sourcecode.swift; path = SceneDelegate.swift; sourceTree = "<group>"; };
		B8E03BBC244677E500C3180D /* Assets.xcassets */ = {isa = PBXFileReference; lastKnownFileType = folder.assetcatalog; path = Assets.xcassets; sourceTree = "<group>"; };
		B8E03BBF244677E500C3180D /* Preview Assets.xcassets */ = {isa = PBXFileReference; lastKnownFileType = folder.assetcatalog; path = "Preview Assets.xcassets"; sourceTree = "<group>"; };
		B8E03BC2244677E500C3180D /* Base */ = {isa = PBXFileReference; lastKnownFileType = file.storyboard; name = Base; path = Base.lproj/LaunchScreen.storyboard; sourceTree = "<group>"; };
		B8E03BC4244677E500C3180D /* Info.plist */ = {isa = PBXFileReference; lastKnownFileType = text.plist.xml; path = Info.plist; sourceTree = "<group>"; };
		B8E03BD024467F2C00C3180D /* NetworkManager.swift */ = {isa = PBXFileReference; lastKnownFileType = sourcecode.swift; path = NetworkManager.swift; sourceTree = "<group>"; };
		B8E03BD42446849200C3180D /* NetworkError.swift */ = {isa = PBXFileReference; lastKnownFileType = sourcecode.swift; path = NetworkError.swift; sourceTree = "<group>"; };
		B8E03BD72446856200C3180D /* URLRequestExtension.swift */ = {isa = PBXFileReference; lastKnownFileType = sourcecode.swift; path = URLRequestExtension.swift; sourceTree = "<group>"; };
		B8E03BDC2446865B00C3180D /* PlistKey.swift */ = {isa = PBXFileReference; lastKnownFileType = sourcecode.swift; path = PlistKey.swift; sourceTree = "<group>"; };
		B8E03BDE2446867F00C3180D /* MarvelEndpointPlistKey.swift */ = {isa = PBXFileReference; lastKnownFileType = sourcecode.swift; path = MarvelEndpointPlistKey.swift; sourceTree = "<group>"; };
		B8E03BE0244686A700C3180D /* MarvelQueryStringParameter.swift */ = {isa = PBXFileReference; lastKnownFileType = sourcecode.swift; path = MarvelQueryStringParameter.swift; sourceTree = "<group>"; };
		B8E03BE3244686C200C3180D /* MarvelEndpointParameters.swift */ = {isa = PBXFileReference; lastKnownFileType = sourcecode.swift; path = MarvelEndpointParameters.swift; sourceTree = "<group>"; };
		B8E03BE524468B5800C3180D /* MarvelEndpoints.plist */ = {isa = PBXFileReference; lastKnownFileType = text.plist.xml; path = MarvelEndpoints.plist; sourceTree = "<group>"; };
		B8E03BEC24468DF000C3180D /* CharactersViewModel.swift */ = {isa = PBXFileReference; lastKnownFileType = sourcecode.swift; path = CharactersViewModel.swift; sourceTree = "<group>"; };
		B8E03BEE24468E2A00C3180D /* CharacterDTO.swift */ = {isa = PBXFileReference; lastKnownFileType = sourcecode.swift; path = CharacterDTO.swift; sourceTree = "<group>"; };
		B8E03BF124468EA500C3180D /* CharacterHeader.swift */ = {isa = PBXFileReference; lastKnownFileType = sourcecode.swift; path = CharacterHeader.swift; sourceTree = "<group>"; };
		B8E03BF624468FD100C3180D /* CharacterServiceProtocol.swift */ = {isa = PBXFileReference; lastKnownFileType = sourcecode.swift; path = CharacterServiceProtocol.swift; sourceTree = "<group>"; };
		B8E03BFA2446907300C3180D /* CharacterService.swift */ = {isa = PBXFileReference; lastKnownFileType = sourcecode.swift; path = CharacterService.swift; sourceTree = "<group>"; };
		B8E03BFE244692E100C3180D /* MarvelAPIEnvironment.swift */ = {isa = PBXFileReference; lastKnownFileType = sourcecode.swift; path = MarvelAPIEnvironment.swift; sourceTree = "<group>"; };
		B8E03C002446930D00C3180D /* InfoPlistEnvironment.swift */ = {isa = PBXFileReference; lastKnownFileType = sourcecode.swift; path = InfoPlistEnvironment.swift; sourceTree = "<group>"; };
		B8E03C02244695FA00C3180D /* CharactersView.swift */ = {isa = PBXFileReference; lastKnownFileType = sourcecode.swift; path = CharactersView.swift; sourceTree = "<group>"; };
		B8E03C042446A01500C3180D /* DataDTO.swift */ = {isa = PBXFileReference; lastKnownFileType = sourcecode.swift; path = DataDTO.swift; sourceTree = "<group>"; };
		B8E03C062446A04D00C3180D /* CharacterInfoDTO.swift */ = {isa = PBXFileReference; lastKnownFileType = sourcecode.swift; path = CharacterInfoDTO.swift; sourceTree = "<group>"; };
		B8E03C092446A86500C3180D /* HomeView.swift */ = {isa = PBXFileReference; lastKnownFileType = sourcecode.swift; path = HomeView.swift; sourceTree = "<group>"; };
		B8E03C0F2446A9CF00C3180D /* CharacterHeaderView.swift */ = {isa = PBXFileReference; lastKnownFileType = sourcecode.swift; path = CharacterHeaderView.swift; sourceTree = "<group>"; };
		B8E03C122446B14200C3180D /* ThumbnailDTO.swift */ = {isa = PBXFileReference; lastKnownFileType = sourcecode.swift; path = ThumbnailDTO.swift; sourceTree = "<group>"; };
/* End PBXFileReference section */

/* Begin PBXFrameworksBuildPhase section */
		B8E03BB0244677E300C3180D /* Frameworks */ = {
			isa = PBXFrameworksBuildPhase;
			buildActionMask = 2147483647;
			files = (
				E1C6A9312ADCA98585D31217 /* Pods_MComics.framework in Frameworks */,
			);
			runOnlyForDeploymentPostprocessing = 0;
		};
/* End PBXFrameworksBuildPhase section */

/* Begin PBXGroup section */
		1E53C6F8DF7C38BC209B1F3B /* Pods */ = {
			isa = PBXGroup;
			children = (
				40F85976FDC4B020F92F4551 /* Pods-MComics.debug.xcconfig */,
				219781A3439A8E90D3690B71 /* Pods-MComics.release.xcconfig */,
			);
			path = Pods;
			sourceTree = "<group>";
		};
		3E9D156A12E14C8A5BB91FCA /* Frameworks */ = {
			isa = PBXGroup;
			children = (
				7D59E8590239413D5BD9FC82 /* Pods_MComics.framework */,
			);
			name = Frameworks;
			sourceTree = "<group>";
		};
		62BE3F3424546A5B00285F39 /* UIViewRepresentable */ = {
			isa = PBXGroup;
			children = (
				B839A05B244928CA00EDFD90 /* ActivityIndicator.swift */,
			);
			path = UIViewRepresentable;
			sourceTree = "<group>";
		};
		62BE3F39245472E700285F39 /* CarousellView */ = {
			isa = PBXGroup;
			children = (
				62BE3F3724546B6900285F39 /* CarousellView.swift */,
				62BE3F3A245472FC00285F39 /* CarousellProtocol.swift */,
			);
			path = CarousellView;
			sourceTree = "<group>";
		};
		62BE3F412455AF1300285F39 /* CoreData */ = {
			isa = PBXGroup;
			children = (
				62BE3F432455AF3300285F39 /* Models */,
				62BE3F422455AF2200285F39 /* Repositories */,
			);
			path = CoreData;
			sourceTree = "<group>";
		};
		62BE3F422455AF2200285F39 /* Repositories */ = {
			isa = PBXGroup;
			children = (
				62BE3F462455B03E00285F39 /* CharacterRepository.swift */,
			);
			path = Repositories;
			sourceTree = "<group>";
		};
		62BE3F432455AF3300285F39 /* Models */ = {
			isa = PBXGroup;
			children = (
				62BE3F442455AFEA00285F39 /* Character.swift */,
			);
			path = Models;
			sourceTree = "<group>";
		};
		B839A0562447F42D00EDFD90 /* Localizable */ = {
			isa = PBXGroup;
			children = (
				B839A0572447F44300EDFD90 /* Localizable.strings */,
				B839A0592447F46E00EDFD90 /* LocalizableStrings.swift */,
			);
			path = Localizable;
			sourceTree = "<group>";
		};
		B839A05D24492C0000EDFD90 /* CharacterDetail */ = {
			isa = PBXGroup;
			children = (
				B839A06224492EF800EDFD90 /* Models */,
				B839A06124492EF200EDFD90 /* ViewModels */,
				B839A05E24492C0900EDFD90 /* Views */,
			);
			path = CharacterDetail;
			sourceTree = "<group>";
		};
		B839A05E24492C0900EDFD90 /* Views */ = {
			isa = PBXGroup;
			children = (
				B839A05F24492C1E00EDFD90 /* CharacterDetailView.swift */,
				62963EEC2452737C000EEE2A /* CharacterPosterHeaderView.swift */,
			);
			path = Views;
			sourceTree = "<group>";
		};
		B839A06124492EF200EDFD90 /* ViewModels */ = {
			isa = PBXGroup;
			children = (
				B839A06324492F1100EDFD90 /* CharacterDetailViewModel.swift */,
				62963EEE24527576000EEE2A /* CharacterPosterHeaderViewModel.swift */,
				62963EFA2452857E000EEE2A /* CharacterSerieViewModel.swift */,
				62BE3F32245467E500285F39 /* CharacterComicViewModel.swift */,
			);
			path = ViewModels;
			sourceTree = "<group>";
		};
		B839A06224492EF800EDFD90 /* Models */ = {
			isa = PBXGroup;
			children = (
				62963EF8245284D0000EEE2A /* CharacterComic.swift */,
				62BE3F302454670700285F39 /* CharacterSerie.swift */,
			);
			path = Models;
			sourceTree = "<group>";
		};
		B839A0672449526200EDFD90 /* UIKit */ = {
			isa = PBXGroup;
			children = (
				B839A0682449527600EDFD90 /* UIApplicationExtension.swift */,
			);
			path = UIKit;
			sourceTree = "<group>";
		};
		B839A06A244952A300EDFD90 /* SwiftUI */ = {
			isa = PBXGroup;
			children = (
				B839A06B244952B400EDFD90 /* ViewExtension.swift */,
			);
			path = SwiftUI;
			sourceTree = "<group>";
		};
		B839A06D244952E500EDFD90 /* ViewModifiers */ = {
			isa = PBXGroup;
			children = (
				B839A06E2449530600EDFD90 /* ResignKeyboardOnDragGesture.swift */,
			);
			path = ViewModifiers;
			sourceTree = "<group>";
		};
		B839A0702449532D00EDFD90 /* Views */ = {
			isa = PBXGroup;
			children = (
				62BE3F39245472E700285F39 /* CarousellView */,
				B839A071244953B400EDFD90 /* SearchTextField.swift */,
			);
			path = Views;
			sourceTree = "<group>";
		};
		B8E03BAA244677E300C3180D = {
			isa = PBXGroup;
			children = (
				62BE3F3E2455AE7200285F39 /* MComicsModel.xcdatamodeld */,
				B8E03BB5244677E300C3180D /* MComics */,
				B8E03BB4244677E300C3180D /* Products */,
				1E53C6F8DF7C38BC209B1F3B /* Pods */,
				3E9D156A12E14C8A5BB91FCA /* Frameworks */,
			);
			sourceTree = "<group>";
		};
		B8E03BB4244677E300C3180D /* Products */ = {
			isa = PBXGroup;
			children = (
				B8E03BB3244677E300C3180D /* MComics.app */,
			);
			name = Products;
			sourceTree = "<group>";
		};
		B8E03BB5244677E300C3180D /* MComics */ = {
			isa = PBXGroup;
			children = (
				62BE3F412455AF1300285F39 /* CoreData */,
				B839A0562447F42D00EDFD90 /* Localizable */,
				B8E03BE724468D7200C3180D /* Modules */,
				B8E03BD62446855400C3180D /* Extensions */,
				B8E03BCE24467EE100C3180D /* Infrastructure */,
				B8E03BCD24467EBF00C3180D /* Components */,
				B8E03BCB24467B4B00C3180D /* Data */,
				B8E03BCA2446780700C3180D /* DTOs */,
				B8E03BB6244677E300C3180D /* AppDelegate.swift */,
				B8E03BB8244677E300C3180D /* SceneDelegate.swift */,
				B8E03BBC244677E500C3180D /* Assets.xcassets */,
				B8E03BC1244677E500C3180D /* LaunchScreen.storyboard */,
				B8E03BC4244677E500C3180D /* Info.plist */,
				B8E03BBE244677E500C3180D /* Preview Content */,
			);
			path = MComics;
			sourceTree = "<group>";
		};
		B8E03BBE244677E500C3180D /* Preview Content */ = {
			isa = PBXGroup;
			children = (
				B8E03BBF244677E500C3180D /* Preview Assets.xcassets */,
			);
			path = "Preview Content";
			sourceTree = "<group>";
		};
		B8E03BCA2446780700C3180D /* DTOs */ = {
			isa = PBXGroup;
			children = (
				B8E03BF92446902C00C3180D /* MarvelDTOs */,
			);
			path = DTOs;
			sourceTree = "<group>";
		};
		B8E03BCB24467B4B00C3180D /* Data */ = {
			isa = PBXGroup;
			children = (
				B8E03BF324468F9400C3180D /* Networking */,
			);
			path = Data;
			sourceTree = "<group>";
		};
		B8E03BCD24467EBF00C3180D /* Components */ = {
			isa = PBXGroup;
			children = (
				62BE3F3424546A5B00285F39 /* UIViewRepresentable */,
				B839A0702449532D00EDFD90 /* Views */,
				B839A06D244952E500EDFD90 /* ViewModifiers */,
			);
			path = Components;
			sourceTree = "<group>";
		};
		B8E03BCE24467EE100C3180D /* Infrastructure */ = {
			isa = PBXGroup;
			children = (
				B8E03BDA2446864700C3180D /* Plist */,
				B8E03BCF24467EFE00C3180D /* Networking */,
			);
			path = Infrastructure;
			sourceTree = "<group>";
		};
		B8E03BCF24467EFE00C3180D /* Networking */ = {
			isa = PBXGroup;
			children = (
				B8E03BFD2446926E00C3180D /* Marvel */,
				B8E03BD024467F2C00C3180D /* NetworkManager.swift */,
				B8E03BD42446849200C3180D /* NetworkError.swift */,
			);
			path = Networking;
			sourceTree = "<group>";
		};
		B8E03BD62446855400C3180D /* Extensions */ = {
			isa = PBXGroup;
			children = (
				B839A06A244952A300EDFD90 /* SwiftUI */,
				B839A0672449526200EDFD90 /* UIKit */,
				B8E03BD92446857900C3180D /* Foundation */,
			);
			path = Extensions;
			sourceTree = "<group>";
		};
		B8E03BD92446857900C3180D /* Foundation */ = {
			isa = PBXGroup;
			children = (
				B8E03BD72446856200C3180D /* URLRequestExtension.swift */,
			);
			path = Foundation;
			sourceTree = "<group>";
		};
		B8E03BDA2446864700C3180D /* Plist */ = {
			isa = PBXGroup;
			children = (
				B8E03BDB2446865000C3180D /* Enums */,
				B8E03C002446930D00C3180D /* InfoPlistEnvironment.swift */,
			);
			path = Plist;
			sourceTree = "<group>";
		};
		B8E03BDB2446865000C3180D /* Enums */ = {
			isa = PBXGroup;
			children = (
				B8E03BDC2446865B00C3180D /* PlistKey.swift */,
			);
			path = Enums;
			sourceTree = "<group>";
		};
		B8E03BE724468D7200C3180D /* Modules */ = {
			isa = PBXGroup;
			children = (
				B839A05D24492C0000EDFD90 /* CharacterDetail */,
				B8E03C082446A84900C3180D /* Home */,
				B8E03BE824468DA100C3180D /* Characters */,
			);
			path = Modules;
			sourceTree = "<group>";
		};
		B8E03BE824468DA100C3180D /* Characters */ = {
			isa = PBXGroup;
			children = (
				B8E03BEB24468DCC00C3180D /* ViewModels */,
				B8E03BEA24468DC600C3180D /* Models */,
				B8E03BE924468DC200C3180D /* Views */,
			);
			path = Characters;
			sourceTree = "<group>";
		};
		B8E03BE924468DC200C3180D /* Views */ = {
			isa = PBXGroup;
			children = (
				B8E03C0F2446A9CF00C3180D /* CharacterHeaderView.swift */,
				B8E03C02244695FA00C3180D /* CharactersView.swift */,
			);
			path = Views;
			sourceTree = "<group>";
		};
		B8E03BEA24468DC600C3180D /* Models */ = {
			isa = PBXGroup;
			children = (
				B8E03BF124468EA500C3180D /* CharacterHeader.swift */,
			);
			path = Models;
			sourceTree = "<group>";
		};
		B8E03BEB24468DCC00C3180D /* ViewModels */ = {
			isa = PBXGroup;
			children = (
				B8E03BEC24468DF000C3180D /* CharactersViewModel.swift */,
				62963EE52451079C000EEE2A /* CharacterHeaderViewModel.swift */,
			);
			path = ViewModels;
			sourceTree = "<group>";
		};
		B8E03BF324468F9400C3180D /* Networking */ = {
			isa = PBXGroup;
			children = (
				B8E03BF424468FA300C3180D /* MarvelServices */,
			);
			path = Networking;
			sourceTree = "<group>";
		};
		B8E03BF424468FA300C3180D /* MarvelServices */ = {
			isa = PBXGroup;
			children = (
				B8E03BF524468FB700C3180D /* CharactersService */,
			);
			path = MarvelServices;
			sourceTree = "<group>";
		};
		B8E03BF524468FB700C3180D /* CharactersService */ = {
			isa = PBXGroup;
			children = (
				B8E03BF624468FD100C3180D /* CharacterServiceProtocol.swift */,
				B8E03BFA2446907300C3180D /* CharacterService.swift */,
			);
			path = CharactersService;
			sourceTree = "<group>";
		};
		B8E03BF92446902C00C3180D /* MarvelDTOs */ = {
			isa = PBXGroup;
			children = (
				B8E03C112446B12700C3180D /* Character */,
				B8E03C042446A01500C3180D /* DataDTO.swift */,
			);
			path = MarvelDTOs;
			sourceTree = "<group>";
		};
		B8E03BFD2446926E00C3180D /* Marvel */ = {
			isa = PBXGroup;
			children = (
				B8E03BE0244686A700C3180D /* MarvelQueryStringParameter.swift */,
				B8E03BE524468B5800C3180D /* MarvelEndpoints.plist */,
				B8E03BFE244692E100C3180D /* MarvelAPIEnvironment.swift */,
				B839A0542447CF7D00EDFD90 /* MarvelImageSize.swift */,
				B8E03BDE2446867F00C3180D /* MarvelEndpointPlistKey.swift */,
				B8E03BE3244686C200C3180D /* MarvelEndpointParameters.swift */,
			);
			path = Marvel;
			sourceTree = "<group>";
		};
		B8E03C082446A84900C3180D /* Home */ = {
			isa = PBXGroup;
			children = (
				B8E03C0B2446A87A00C3180D /* Views */,
			);
			path = Home;
			sourceTree = "<group>";
		};
		B8E03C0B2446A87A00C3180D /* Views */ = {
			isa = PBXGroup;
			children = (
				B8E03C092446A86500C3180D /* HomeView.swift */,
			);
			path = Views;
			sourceTree = "<group>";
		};
		B8E03C112446B12700C3180D /* Character */ = {
			isa = PBXGroup;
			children = (
				B8E03C062446A04D00C3180D /* CharacterInfoDTO.swift */,
				B8E03BEE24468E2A00C3180D /* CharacterDTO.swift */,
				B8E03C122446B14200C3180D /* ThumbnailDTO.swift */,
				62963EF4245282EF000EEE2A /* CharacterComicDTO.swift */,
				62963EF62452833A000EEE2A /* CharacterComicInfoDTO.swift */,
				62BE3F2C2454660800285F39 /* CharacterSerieInfoDTO.swift */,
				62BE3F2E2454662100285F39 /* CharacterSerieDTO.swift */,
			);
			path = Character;
			sourceTree = "<group>";
		};
/* End PBXGroup section */

/* Begin PBXNativeTarget section */
		B8E03BB2244677E300C3180D /* MComics */ = {
			isa = PBXNativeTarget;
			buildConfigurationList = B8E03BC7244677E500C3180D /* Build configuration list for PBXNativeTarget "MComics" */;
			buildPhases = (
				542A28272BD579BAFC7A55FB /* [CP] Check Pods Manifest.lock */,
				B8E03BAF244677E300C3180D /* Sources */,
				B8E03BB0244677E300C3180D /* Frameworks */,
				B8E03BB1244677E300C3180D /* Resources */,
				3614D6DB7DD688D821638FC2 /* [CP] Embed Pods Frameworks */,
			);
			buildRules = (
			);
			dependencies = (
			);
			name = MComics;
			productName = MComics;
			productReference = B8E03BB3244677E300C3180D /* MComics.app */;
			productType = "com.apple.product-type.application";
		};
/* End PBXNativeTarget section */

/* Begin PBXProject section */
		B8E03BAB244677E300C3180D /* Project object */ = {
			isa = PBXProject;
			attributes = {
				LastSwiftUpdateCheck = 1130;
				LastUpgradeCheck = 1130;
				ORGANIZATIONNAME = "Mateus Forgiarini da Silva";
				TargetAttributes = {
					B8E03BB2244677E300C3180D = {
						CreatedOnToolsVersion = 11.3.1;
					};
				};
			};
			buildConfigurationList = B8E03BAE244677E300C3180D /* Build configuration list for PBXProject "MComics" */;
			compatibilityVersion = "Xcode 9.3";
			developmentRegion = en;
			hasScannedForEncodings = 0;
			knownRegions = (
				en,
				Base,
			);
			mainGroup = B8E03BAA244677E300C3180D;
			productRefGroup = B8E03BB4244677E300C3180D /* Products */;
			projectDirPath = "";
			projectRoot = "";
			targets = (
				B8E03BB2244677E300C3180D /* MComics */,
			);
		};
/* End PBXProject section */

/* Begin PBXResourcesBuildPhase section */
		B8E03BB1244677E300C3180D /* Resources */ = {
			isa = PBXResourcesBuildPhase;
			buildActionMask = 2147483647;
			files = (
				B839A0582447F44300EDFD90 /* Localizable.strings in Resources */,
				B8E03BC3244677E500C3180D /* LaunchScreen.storyboard in Resources */,
				B8E03BE624468B5800C3180D /* MarvelEndpoints.plist in Resources */,
				B8E03BC0244677E500C3180D /* Preview Assets.xcassets in Resources */,
				B8E03BBD244677E500C3180D /* Assets.xcassets in Resources */,
			);
			runOnlyForDeploymentPostprocessing = 0;
		};
/* End PBXResourcesBuildPhase section */

/* Begin PBXShellScriptBuildPhase section */
		3614D6DB7DD688D821638FC2 /* [CP] Embed Pods Frameworks */ = {
			isa = PBXShellScriptBuildPhase;
			buildActionMask = 2147483647;
			files = (
			);
			inputFileListPaths = (
				"${PODS_ROOT}/Target Support Files/Pods-MComics/Pods-MComics-frameworks-${CONFIGURATION}-input-files.xcfilelist",
			);
			name = "[CP] Embed Pods Frameworks";
			outputFileListPaths = (
				"${PODS_ROOT}/Target Support Files/Pods-MComics/Pods-MComics-frameworks-${CONFIGURATION}-output-files.xcfilelist",
			);
			runOnlyForDeploymentPostprocessing = 0;
			shellPath = /bin/sh;
			shellScript = "\"${PODS_ROOT}/Target Support Files/Pods-MComics/Pods-MComics-frameworks.sh\"\n";
			showEnvVarsInLog = 0;
		};
		542A28272BD579BAFC7A55FB /* [CP] Check Pods Manifest.lock */ = {
			isa = PBXShellScriptBuildPhase;
			buildActionMask = 2147483647;
			files = (
			);
			inputFileListPaths = (
			);
			inputPaths = (
				"${PODS_PODFILE_DIR_PATH}/Podfile.lock",
				"${PODS_ROOT}/Manifest.lock",
			);
			name = "[CP] Check Pods Manifest.lock";
			outputFileListPaths = (
			);
			outputPaths = (
				"$(DERIVED_FILE_DIR)/Pods-MComics-checkManifestLockResult.txt",
			);
			runOnlyForDeploymentPostprocessing = 0;
			shellPath = /bin/sh;
			shellScript = "diff \"${PODS_PODFILE_DIR_PATH}/Podfile.lock\" \"${PODS_ROOT}/Manifest.lock\" > /dev/null\nif [ $? != 0 ] ; then\n    # print error to STDERR\n    echo \"error: The sandbox is not in sync with the Podfile.lock. Run 'pod install' or update your CocoaPods installation.\" >&2\n    exit 1\nfi\n# This output is used by Xcode 'outputs' to avoid re-running this script phase.\necho \"SUCCESS\" > \"${SCRIPT_OUTPUT_FILE_0}\"\n";
			showEnvVarsInLog = 0;
		};
/* End PBXShellScriptBuildPhase section */

/* Begin PBXSourcesBuildPhase section */
		B8E03BAF244677E300C3180D /* Sources */ = {
			isa = PBXSourcesBuildPhase;
			buildActionMask = 2147483647;
			files = (
				B8E03BFB2446907300C3180D /* CharacterService.swift in Sources */,
				B8E03BED24468DF000C3180D /* CharactersViewModel.swift in Sources */,
				B8E03BDF2446867F00C3180D /* MarvelEndpointPlistKey.swift in Sources */,
				B839A06024492C1E00EDFD90 /* CharacterDetailView.swift in Sources */,
				B8E03BD124467F2C00C3180D /* NetworkManager.swift in Sources */,
				B839A06F2449530600EDFD90 /* ResignKeyboardOnDragGesture.swift in Sources */,
				62BE3F2F2454662100285F39 /* CharacterSerieDTO.swift in Sources */,
				62BE3F3824546B6900285F39 /* CarousellView.swift in Sources */,
				B839A05C244928CA00EDFD90 /* ActivityIndicator.swift in Sources */,
				B8E03BB7244677E300C3180D /* AppDelegate.swift in Sources */,
				62BE3F2D2454660800285F39 /* CharacterSerieInfoDTO.swift in Sources */,
				62BE3F452455AFEA00285F39 /* Character.swift in Sources */,
				B8E03C0A2446A86500C3180D /* HomeView.swift in Sources */,
				B8E03C012446930D00C3180D /* InfoPlistEnvironment.swift in Sources */,
				62963EED2452737C000EEE2A /* CharacterPosterHeaderView.swift in Sources */,
				B839A072244953B400EDFD90 /* SearchTextField.swift in Sources */,
				B8E03BFF244692E100C3180D /* MarvelAPIEnvironment.swift in Sources */,
				62963EF72452833A000EEE2A /* CharacterComicInfoDTO.swift in Sources */,
				62963EE62451079C000EEE2A /* CharacterHeaderViewModel.swift in Sources */,
				B8E03BD52446849200C3180D /* NetworkError.swift in Sources */,
				62BE3F402455AE7200285F39 /* MComicsModel.xcdatamodeld in Sources */,
				B8E03BE4244686C200C3180D /* MarvelEndpointParameters.swift in Sources */,
				62963EF5245282EF000EEE2A /* CharacterComicDTO.swift in Sources */,
				62BE3F312454670700285F39 /* CharacterSerie.swift in Sources */,
				B8E03C072446A04D00C3180D /* CharacterInfoDTO.swift in Sources */,
				62BE3F472455B03E00285F39 /* CharacterRepository.swift in Sources */,
				B8E03BE1244686A700C3180D /* MarvelQueryStringParameter.swift in Sources */,
				B8E03BB9244677E300C3180D /* SceneDelegate.swift in Sources */,
				B839A0692449527600EDFD90 /* UIApplicationExtension.swift in Sources */,
				B8E03C132446B14200C3180D /* ThumbnailDTO.swift in Sources */,
				B8E03BF724468FD100C3180D /* CharacterServiceProtocol.swift in Sources */,
				B8E03BEF24468E2A00C3180D /* CharacterDTO.swift in Sources */,
				B839A05A2447F46E00EDFD90 /* LocalizableStrings.swift in Sources */,
				B8E03C03244695FA00C3180D /* CharactersView.swift in Sources */,
				B8E03C102446A9CF00C3180D /* CharacterHeaderView.swift in Sources */,
				B8E03C052446A01500C3180D /* DataDTO.swift in Sources */,
				62BE3F33245467E500285F39 /* CharacterComicViewModel.swift in Sources */,
				62963EF9245284D0000EEE2A /* CharacterComic.swift in Sources */,
				B839A06C244952B400EDFD90 /* ViewExtension.swift in Sources */,
				62963EEF24527576000EEE2A /* CharacterPosterHeaderViewModel.swift in Sources */,
				B8E03BF224468EA500C3180D /* CharacterHeader.swift in Sources */,
				B839A0552447CF7D00EDFD90 /* MarvelImageSize.swift in Sources */,
				B839A06424492F1100EDFD90 /* CharacterDetailViewModel.swift in Sources */,
				B8E03BDD2446865B00C3180D /* PlistKey.swift in Sources */,
				B8E03BD82446856200C3180D /* URLRequestExtension.swift in Sources */,
				62BE3F3B245472FC00285F39 /* CarousellProtocol.swift in Sources */,
				62963EFB2452857E000EEE2A /* CharacterSerieViewModel.swift in Sources */,
			);
			runOnlyForDeploymentPostprocessing = 0;
		};
/* End PBXSourcesBuildPhase section */

/* Begin PBXVariantGroup section */
		B8E03BC1244677E500C3180D /* LaunchScreen.storyboard */ = {
			isa = PBXVariantGroup;
			children = (
				B8E03BC2244677E500C3180D /* Base */,
			);
			name = LaunchScreen.storyboard;
			sourceTree = "<group>";
		};
/* End PBXVariantGroup section */

/* Begin XCBuildConfiguration section */
		B8E03BC5244677E500C3180D /* Debug */ = {
			isa = XCBuildConfiguration;
			buildSettings = {
				ALWAYS_SEARCH_USER_PATHS = NO;
				CLANG_ANALYZER_NONNULL = YES;
				CLANG_ANALYZER_NUMBER_OBJECT_CONVERSION = YES_AGGRESSIVE;
				CLANG_CXX_LANGUAGE_STANDARD = "gnu++14";
				CLANG_CXX_LIBRARY = "libc++";
				CLANG_ENABLE_MODULES = YES;
				CLANG_ENABLE_OBJC_ARC = YES;
				CLANG_ENABLE_OBJC_WEAK = YES;
				CLANG_WARN_BLOCK_CAPTURE_AUTORELEASING = YES;
				CLANG_WARN_BOOL_CONVERSION = YES;
				CLANG_WARN_COMMA = YES;
				CLANG_WARN_CONSTANT_CONVERSION = YES;
				CLANG_WARN_DEPRECATED_OBJC_IMPLEMENTATIONS = YES;
				CLANG_WARN_DIRECT_OBJC_ISA_USAGE = YES_ERROR;
				CLANG_WARN_DOCUMENTATION_COMMENTS = YES;
				CLANG_WARN_EMPTY_BODY = YES;
				CLANG_WARN_ENUM_CONVERSION = YES;
				CLANG_WARN_INFINITE_RECURSION = YES;
				CLANG_WARN_INT_CONVERSION = YES;
				CLANG_WARN_NON_LITERAL_NULL_CONVERSION = YES;
				CLANG_WARN_OBJC_IMPLICIT_RETAIN_SELF = YES;
				CLANG_WARN_OBJC_LITERAL_CONVERSION = YES;
				CLANG_WARN_OBJC_ROOT_CLASS = YES_ERROR;
				CLANG_WARN_RANGE_LOOP_ANALYSIS = YES;
				CLANG_WARN_STRICT_PROTOTYPES = YES;
				CLANG_WARN_SUSPICIOUS_MOVE = YES;
				CLANG_WARN_UNGUARDED_AVAILABILITY = YES_AGGRESSIVE;
				CLANG_WARN_UNREACHABLE_CODE = YES;
				CLANG_WARN__DUPLICATE_METHOD_MATCH = YES;
				COPY_PHASE_STRIP = NO;
				DEBUG_INFORMATION_FORMAT = dwarf;
				ENABLE_STRICT_OBJC_MSGSEND = YES;
				ENABLE_TESTABILITY = YES;
				GCC_C_LANGUAGE_STANDARD = gnu11;
				GCC_DYNAMIC_NO_PIC = NO;
				GCC_NO_COMMON_BLOCKS = YES;
				GCC_OPTIMIZATION_LEVEL = 0;
				GCC_PREPROCESSOR_DEFINITIONS = (
					"DEBUG=1",
					"$(inherited)",
				);
				GCC_WARN_64_TO_32_BIT_CONVERSION = YES;
				GCC_WARN_ABOUT_RETURN_TYPE = YES_ERROR;
				GCC_WARN_UNDECLARED_SELECTOR = YES;
				GCC_WARN_UNINITIALIZED_AUTOS = YES_AGGRESSIVE;
				GCC_WARN_UNUSED_FUNCTION = YES;
				GCC_WARN_UNUSED_VARIABLE = YES;
				IPHONEOS_DEPLOYMENT_TARGET = 13.2;
				MTL_ENABLE_DEBUG_INFO = INCLUDE_SOURCE;
				MTL_FAST_MATH = YES;
				ONLY_ACTIVE_ARCH = YES;
				SDKROOT = iphoneos;
				SWIFT_ACTIVE_COMPILATION_CONDITIONS = DEBUG;
				SWIFT_OPTIMIZATION_LEVEL = "-Onone";
			};
			name = Debug;
		};
		B8E03BC6244677E500C3180D /* Release */ = {
			isa = XCBuildConfiguration;
			buildSettings = {
				ALWAYS_SEARCH_USER_PATHS = NO;
				CLANG_ANALYZER_NONNULL = YES;
				CLANG_ANALYZER_NUMBER_OBJECT_CONVERSION = YES_AGGRESSIVE;
				CLANG_CXX_LANGUAGE_STANDARD = "gnu++14";
				CLANG_CXX_LIBRARY = "libc++";
				CLANG_ENABLE_MODULES = YES;
				CLANG_ENABLE_OBJC_ARC = YES;
				CLANG_ENABLE_OBJC_WEAK = YES;
				CLANG_WARN_BLOCK_CAPTURE_AUTORELEASING = YES;
				CLANG_WARN_BOOL_CONVERSION = YES;
				CLANG_WARN_COMMA = YES;
				CLANG_WARN_CONSTANT_CONVERSION = YES;
				CLANG_WARN_DEPRECATED_OBJC_IMPLEMENTATIONS = YES;
				CLANG_WARN_DIRECT_OBJC_ISA_USAGE = YES_ERROR;
				CLANG_WARN_DOCUMENTATION_COMMENTS = YES;
				CLANG_WARN_EMPTY_BODY = YES;
				CLANG_WARN_ENUM_CONVERSION = YES;
				CLANG_WARN_INFINITE_RECURSION = YES;
				CLANG_WARN_INT_CONVERSION = YES;
				CLANG_WARN_NON_LITERAL_NULL_CONVERSION = YES;
				CLANG_WARN_OBJC_IMPLICIT_RETAIN_SELF = YES;
				CLANG_WARN_OBJC_LITERAL_CONVERSION = YES;
				CLANG_WARN_OBJC_ROOT_CLASS = YES_ERROR;
				CLANG_WARN_RANGE_LOOP_ANALYSIS = YES;
				CLANG_WARN_STRICT_PROTOTYPES = YES;
				CLANG_WARN_SUSPICIOUS_MOVE = YES;
				CLANG_WARN_UNGUARDED_AVAILABILITY = YES_AGGRESSIVE;
				CLANG_WARN_UNREACHABLE_CODE = YES;
				CLANG_WARN__DUPLICATE_METHOD_MATCH = YES;
				COPY_PHASE_STRIP = NO;
				DEBUG_INFORMATION_FORMAT = "dwarf-with-dsym";
				ENABLE_NS_ASSERTIONS = NO;
				ENABLE_STRICT_OBJC_MSGSEND = YES;
				GCC_C_LANGUAGE_STANDARD = gnu11;
				GCC_NO_COMMON_BLOCKS = YES;
				GCC_WARN_64_TO_32_BIT_CONVERSION = YES;
				GCC_WARN_ABOUT_RETURN_TYPE = YES_ERROR;
				GCC_WARN_UNDECLARED_SELECTOR = YES;
				GCC_WARN_UNINITIALIZED_AUTOS = YES_AGGRESSIVE;
				GCC_WARN_UNUSED_FUNCTION = YES;
				GCC_WARN_UNUSED_VARIABLE = YES;
				IPHONEOS_DEPLOYMENT_TARGET = 13.2;
				MTL_ENABLE_DEBUG_INFO = NO;
				MTL_FAST_MATH = YES;
				SDKROOT = iphoneos;
				SWIFT_COMPILATION_MODE = wholemodule;
				SWIFT_OPTIMIZATION_LEVEL = "-O";
				VALIDATE_PRODUCT = YES;
			};
			name = Release;
		};
		B8E03BC8244677E500C3180D /* Debug */ = {
			isa = XCBuildConfiguration;
			baseConfigurationReference = 40F85976FDC4B020F92F4551 /* Pods-MComics.debug.xcconfig */;
			buildSettings = {
				ASSETCATALOG_COMPILER_APPICON_NAME = AppIcon;
				CODE_SIGN_IDENTITY = "Apple Development";
				CODE_SIGN_STYLE = Automatic;
				DEVELOPMENT_ASSET_PATHS = "\"MComics/Preview Content\"";
				DEVELOPMENT_TEAM = V76C5WX8SM;
				ENABLE_PREVIEWS = YES;
				INFOPLIST_FILE = MComics/Info.plist;
				LD_RUNPATH_SEARCH_PATHS = (
					"$(inherited)",
					"@executable_path/Frameworks",
				);
				PRODUCT_BUNDLE_IDENTIFIER = com.mateusforgiarini.MComics;
				PRODUCT_NAME = "$(TARGET_NAME)";
				PROVISIONING_PROFILE_SPECIFIER = "";
				SWIFT_VERSION = 5.0;
				TARGETED_DEVICE_FAMILY = "1,2";
			};
			name = Debug;
		};
		B8E03BC9244677E500C3180D /* Release */ = {
			isa = XCBuildConfiguration;
			baseConfigurationReference = 219781A3439A8E90D3690B71 /* Pods-MComics.release.xcconfig */;
			buildSettings = {
				ASSETCATALOG_COMPILER_APPICON_NAME = AppIcon;
				CODE_SIGN_IDENTITY = "Apple Development";
				CODE_SIGN_STYLE = Automatic;
				DEVELOPMENT_ASSET_PATHS = "\"MComics/Preview Content\"";
				DEVELOPMENT_TEAM = V76C5WX8SM;
				ENABLE_PREVIEWS = YES;
				INFOPLIST_FILE = MComics/Info.plist;
				LD_RUNPATH_SEARCH_PATHS = (
					"$(inherited)",
					"@executable_path/Frameworks",
				);
				PRODUCT_BUNDLE_IDENTIFIER = com.mateusforgiarini.MComics;
				PRODUCT_NAME = "$(TARGET_NAME)";
				PROVISIONING_PROFILE_SPECIFIER = "";
				SWIFT_VERSION = 5.0;
				TARGETED_DEVICE_FAMILY = "1,2";
			};
			name = Release;
		};
/* End XCBuildConfiguration section */

/* Begin XCConfigurationList section */
		B8E03BAE244677E300C3180D /* Build configuration list for PBXProject "MComics" */ = {
			isa = XCConfigurationList;
			buildConfigurations = (
				B8E03BC5244677E500C3180D /* Debug */,
				B8E03BC6244677E500C3180D /* Release */,
			);
			defaultConfigurationIsVisible = 0;
			defaultConfigurationName = Release;
		};
		B8E03BC7244677E500C3180D /* Build configuration list for PBXNativeTarget "MComics" */ = {
			isa = XCConfigurationList;
			buildConfigurations = (
				B8E03BC8244677E500C3180D /* Debug */,
				B8E03BC9244677E500C3180D /* Release */,
			);
			defaultConfigurationIsVisible = 0;
			defaultConfigurationName = Release;
		};
/* End XCConfigurationList section */

/* Begin XCVersionGroup section */
		62BE3F3E2455AE7200285F39 /* MComicsModel.xcdatamodeld */ = {
			isa = XCVersionGroup;
			children = (
				62BE3F3F2455AE7200285F39 /* MComicsModel.xcdatamodel */,
			);
			currentVersion = 62BE3F3F2455AE7200285F39 /* MComicsModel.xcdatamodel */;
			path = MComicsModel.xcdatamodeld;
			sourceTree = "<group>";
			versionGroupType = wrapper.xcdatamodel;
		};
/* End XCVersionGroup section */
	};
	rootObject = B8E03BAB244677E300C3180D /* Project object */;
}
