// !$*UTF8*$!
{
	archiveVersion = 1;
	classes = {
	};
	objectVersion = 51;
	objects = {

/* Begin PBXBuildFile section */
		08BBBCE6A17DCD42127BA5E1 /* Pods_MComicsTests.framework in Frameworks */ = {isa = PBXBuildFile; fileRef = 3DA0676FE705286CC803FA2E /* Pods_MComicsTests.framework */; };
		622A0C06245C867500A47CEC /* CharacterRepositoryTests.swift in Sources */ = {isa = PBXBuildFile; fileRef = 622A0C05245C867500A47CEC /* CharacterRepositoryTests.swift */; };
		622A0C1E245D0A8300A47CEC /* KIF + Quick.swift in Sources */ = {isa = PBXBuildFile; fileRef = 622A0C1A245D06F700A47CEC /* KIF + Quick.swift */; };
		62360A122456626A000C61E8 /* CharacterHeaderProtocol.swift in Sources */ = {isa = PBXBuildFile; fileRef = 62360A112456626A000C61E8 /* CharacterHeaderProtocol.swift */; };
		623DB987245E1CE20021B354 /* CharactersTestSpec.swift in Sources */ = {isa = PBXBuildFile; fileRef = 623DB986245E1CE20021B354 /* CharactersTestSpec.swift */; };
		624E01E5245C654B006A8FDE /* CharacterViewFactoryProtocol.swift in Sources */ = {isa = PBXBuildFile; fileRef = 624E01E4245C654B006A8FDE /* CharacterViewFactoryProtocol.swift */; };
		624E01E7245C655C006A8FDE /* CharacterViewFactory.swift in Sources */ = {isa = PBXBuildFile; fileRef = 624E01E6245C655C006A8FDE /* CharacterViewFactory.swift */; };
		625ECB11245A4D1600A7B597 /* FavoriteButtonView.swift in Sources */ = {isa = PBXBuildFile; fileRef = 625ECB10245A4D1600A7B597 /* FavoriteButtonView.swift */; };
		625ECB13245A50DB00A7B597 /* CharacterPosterView.swift in Sources */ = {isa = PBXBuildFile; fileRef = 625ECB12245A50DB00A7B597 /* CharacterPosterView.swift */; };
		6294DD572457A2C200CBE8D4 /* CharacterRepositoryError.swift in Sources */ = {isa = PBXBuildFile; fileRef = 6294DD562457A2C200CBE8D4 /* CharacterRepositoryError.swift */; };
		6294DD5C2457B63F00CBE8D4 /* ErrorView.swift in Sources */ = {isa = PBXBuildFile; fileRef = 6294DD5B2457B63F00CBE8D4 /* ErrorView.swift */; };
		62963EE62451079C000EEE2A /* CharacterHeaderViewModel.swift in Sources */ = {isa = PBXBuildFile; fileRef = 62963EE52451079C000EEE2A /* CharacterHeaderViewModel.swift */; };
		62BE3F402455AE7200285F39 /* MComicsModel.xcdatamodeld in Sources */ = {isa = PBXBuildFile; fileRef = 62BE3F3E2455AE7200285F39 /* MComicsModel.xcdatamodeld */; };
		62BE3F452455AFEA00285F39 /* Character.swift in Sources */ = {isa = PBXBuildFile; fileRef = 62BE3F442455AFEA00285F39 /* Character.swift */; };
		62BE3F472455B03E00285F39 /* CharacterRepository.swift in Sources */ = {isa = PBXBuildFile; fileRef = 62BE3F462455B03E00285F39 /* CharacterRepository.swift */; };
		62BE3F4E2455CFAE00285F39 /* FavoriteCharacterDTO.swift in Sources */ = {isa = PBXBuildFile; fileRef = 62BE3F4D2455CFAE00285F39 /* FavoriteCharacterDTO.swift */; };
		62BE3F502455CFCD00285F39 /* FavoriteCharactersView.swift in Sources */ = {isa = PBXBuildFile; fileRef = 62BE3F4F2455CFCD00285F39 /* FavoriteCharactersView.swift */; };
		62BE3F522455CFE000285F39 /* FavoriteCharactersViewModel.swift in Sources */ = {isa = PBXBuildFile; fileRef = 62BE3F512455CFE000285F39 /* FavoriteCharactersViewModel.swift */; };
		62BE3F542455D12F00285F39 /* CharacterRepositoryProtocol.swift in Sources */ = {isa = PBXBuildFile; fileRef = 62BE3F532455D12F00285F39 /* CharacterRepositoryProtocol.swift */; };
		62BE3F562455D28F00285F39 /* FavoriteCharacter.swift in Sources */ = {isa = PBXBuildFile; fileRef = 62BE3F552455D28F00285F39 /* FavoriteCharacter.swift */; };
		62C4BBCF245E546900DCBBB4 /* CoreDataHelper.swift in Sources */ = {isa = PBXBuildFile; fileRef = 62C4BBCE245E546900DCBBB4 /* CoreDataHelper.swift */; };
		62E6C13B245DF3130057B256 /* characters.json in Resources */ = {isa = PBXBuildFile; fileRef = 62E6C13A245DDDB70057B256 /* characters.json */; };
		62FC65592457C79900A12912 /* CharacterError.swift in Sources */ = {isa = PBXBuildFile; fileRef = 62FC65582457C79900A12912 /* CharacterError.swift */; };
		62FC65642459214A00A12912 /* BannerErrorView.swift in Sources */ = {isa = PBXBuildFile; fileRef = 62FC65632459214A00A12912 /* BannerErrorView.swift */; };
		B839A0552447CF7D00EDFD90 /* MarvelImageSize.swift in Sources */ = {isa = PBXBuildFile; fileRef = B839A0542447CF7D00EDFD90 /* MarvelImageSize.swift */; };
		B839A0582447F44300EDFD90 /* Localizable.strings in Resources */ = {isa = PBXBuildFile; fileRef = B839A0572447F44300EDFD90 /* Localizable.strings */; };
		B839A05A2447F46E00EDFD90 /* LocalizableStrings.swift in Sources */ = {isa = PBXBuildFile; fileRef = B839A0592447F46E00EDFD90 /* LocalizableStrings.swift */; };
		B839A05C244928CA00EDFD90 /* ActivityIndicator.swift in Sources */ = {isa = PBXBuildFile; fileRef = B839A05B244928CA00EDFD90 /* ActivityIndicator.swift */; };
		B839A06024492C1E00EDFD90 /* CharacterDetailView.swift in Sources */ = {isa = PBXBuildFile; fileRef = B839A05F24492C1E00EDFD90 /* CharacterDetailView.swift */; };
		B839A06424492F1100EDFD90 /* CharacterDetailViewModel.swift in Sources */ = {isa = PBXBuildFile; fileRef = B839A06324492F1100EDFD90 /* CharacterDetailViewModel.swift */; };
		B839A0692449527600EDFD90 /* UIApplicationExtension.swift in Sources */ = {isa = PBXBuildFile; fileRef = B839A0682449527600EDFD90 /* UIApplicationExtension.swift */; };
		B839A072244953B400EDFD90 /* SearchTextField.swift in Sources */ = {isa = PBXBuildFile; fileRef = B839A071244953B400EDFD90 /* SearchTextField.swift */; };
		B8E03BB7244677E300C3180D /* AppDelegate.swift in Sources */ = {isa = PBXBuildFile; fileRef = B8E03BB6244677E300C3180D /* AppDelegate.swift */; };
		B8E03BB9244677E300C3180D /* SceneDelegate.swift in Sources */ = {isa = PBXBuildFile; fileRef = B8E03BB8244677E300C3180D /* SceneDelegate.swift */; };
		B8E03BBD244677E500C3180D /* Assets.xcassets in Resources */ = {isa = PBXBuildFile; fileRef = B8E03BBC244677E500C3180D /* Assets.xcassets */; };
		B8E03BC0244677E500C3180D /* Preview Assets.xcassets in Resources */ = {isa = PBXBuildFile; fileRef = B8E03BBF244677E500C3180D /* Preview Assets.xcassets */; };
		B8E03BC3244677E500C3180D /* LaunchScreen.storyboard in Resources */ = {isa = PBXBuildFile; fileRef = B8E03BC1244677E500C3180D /* LaunchScreen.storyboard */; };
		B8E03BD124467F2C00C3180D /* NetworkManager.swift in Sources */ = {isa = PBXBuildFile; fileRef = B8E03BD024467F2C00C3180D /* NetworkManager.swift */; };
		B8E03BD52446849200C3180D /* NetworkError.swift in Sources */ = {isa = PBXBuildFile; fileRef = B8E03BD42446849200C3180D /* NetworkError.swift */; };
		B8E03BD82446856200C3180D /* URLRequestExtension.swift in Sources */ = {isa = PBXBuildFile; fileRef = B8E03BD72446856200C3180D /* URLRequestExtension.swift */; };
		B8E03BDD2446865B00C3180D /* PlistKey.swift in Sources */ = {isa = PBXBuildFile; fileRef = B8E03BDC2446865B00C3180D /* PlistKey.swift */; };
		B8E03BDF2446867F00C3180D /* MarvelEndpointPlistKey.swift in Sources */ = {isa = PBXBuildFile; fileRef = B8E03BDE2446867F00C3180D /* MarvelEndpointPlistKey.swift */; };
		B8E03BE1244686A700C3180D /* MarvelQueryStringParameter.swift in Sources */ = {isa = PBXBuildFile; fileRef = B8E03BE0244686A700C3180D /* MarvelQueryStringParameter.swift */; };
		B8E03BE4244686C200C3180D /* MarvelEndpointParameters.swift in Sources */ = {isa = PBXBuildFile; fileRef = B8E03BE3244686C200C3180D /* MarvelEndpointParameters.swift */; };
		B8E03BE624468B5800C3180D /* MarvelEndpoints.plist in Resources */ = {isa = PBXBuildFile; fileRef = B8E03BE524468B5800C3180D /* MarvelEndpoints.plist */; };
		B8E03BED24468DF000C3180D /* CharactersViewModel.swift in Sources */ = {isa = PBXBuildFile; fileRef = B8E03BEC24468DF000C3180D /* CharactersViewModel.swift */; };
		B8E03BEF24468E2A00C3180D /* CharacterDTO.swift in Sources */ = {isa = PBXBuildFile; fileRef = B8E03BEE24468E2A00C3180D /* CharacterDTO.swift */; };
		B8E03BF224468EA500C3180D /* CharacterHeader.swift in Sources */ = {isa = PBXBuildFile; fileRef = B8E03BF124468EA500C3180D /* CharacterHeader.swift */; };
		B8E03BF724468FD100C3180D /* CharacterServiceProtocol.swift in Sources */ = {isa = PBXBuildFile; fileRef = B8E03BF624468FD100C3180D /* CharacterServiceProtocol.swift */; };
		B8E03BFB2446907300C3180D /* CharacterService.swift in Sources */ = {isa = PBXBuildFile; fileRef = B8E03BFA2446907300C3180D /* CharacterService.swift */; };
		B8E03BFF244692E100C3180D /* MarvelAPIEnvironment.swift in Sources */ = {isa = PBXBuildFile; fileRef = B8E03BFE244692E100C3180D /* MarvelAPIEnvironment.swift */; };
		B8E03C012446930D00C3180D /* InfoPlistEnvironment.swift in Sources */ = {isa = PBXBuildFile; fileRef = B8E03C002446930D00C3180D /* InfoPlistEnvironment.swift */; };
		B8E03C03244695FA00C3180D /* CharactersView.swift in Sources */ = {isa = PBXBuildFile; fileRef = B8E03C02244695FA00C3180D /* CharactersView.swift */; };
		B8E03C052446A01500C3180D /* DataDTO.swift in Sources */ = {isa = PBXBuildFile; fileRef = B8E03C042446A01500C3180D /* DataDTO.swift */; };
		B8E03C072446A04D00C3180D /* CharacterInfoDTO.swift in Sources */ = {isa = PBXBuildFile; fileRef = B8E03C062446A04D00C3180D /* CharacterInfoDTO.swift */; };
		B8E03C0A2446A86500C3180D /* HomeView.swift in Sources */ = {isa = PBXBuildFile; fileRef = B8E03C092446A86500C3180D /* HomeView.swift */; };
		B8E03C102446A9CF00C3180D /* CharacterHeaderView.swift in Sources */ = {isa = PBXBuildFile; fileRef = B8E03C0F2446A9CF00C3180D /* CharacterHeaderView.swift */; };
		B8E03C132446B14200C3180D /* ThumbnailDTO.swift in Sources */ = {isa = PBXBuildFile; fileRef = B8E03C122446B14200C3180D /* ThumbnailDTO.swift */; };
		C44CEAB8D3E23758BFC04F3F /* Pods_MComics.framework in Frameworks */ = {isa = PBXBuildFile; fileRef = 774367B9656B6892852F0F3F /* Pods_MComics.framework */; };
/* End PBXBuildFile section */

/* Begin PBXContainerItemProxy section */
		622A0BFD245C74A600A47CEC /* PBXContainerItemProxy */ = {
			isa = PBXContainerItemProxy;
			containerPortal = B8E03BAB244677E300C3180D /* Project object */;
			proxyType = 1;
			remoteGlobalIDString = B8E03BB2244677E300C3180D;
			remoteInfo = MComics;
		};
/* End PBXContainerItemProxy section */

/* Begin PBXFileReference section */
		371A930071E9FCA6C729810E /* Pods-MComics.test.xcconfig */ = {isa = PBXFileReference; includeInIndex = 1; lastKnownFileType = text.xcconfig; name = "Pods-MComics.test.xcconfig"; path = "Target Support Files/Pods-MComics/Pods-MComics.test.xcconfig"; sourceTree = "<group>"; };
		3DA0676FE705286CC803FA2E /* Pods_MComicsTests.framework */ = {isa = PBXFileReference; explicitFileType = wrapper.framework; includeInIndex = 0; path = Pods_MComicsTests.framework; sourceTree = BUILT_PRODUCTS_DIR; };
		622A0BF8245C74A600A47CEC /* MComicsTests.xctest */ = {isa = PBXFileReference; explicitFileType = wrapper.cfbundle; includeInIndex = 0; path = MComicsTests.xctest; sourceTree = BUILT_PRODUCTS_DIR; };
		622A0BFC245C74A600A47CEC /* Info.plist */ = {isa = PBXFileReference; lastKnownFileType = text.plist.xml; path = Info.plist; sourceTree = "<group>"; };
		622A0C05245C867500A47CEC /* CharacterRepositoryTests.swift */ = {isa = PBXFileReference; lastKnownFileType = sourcecode.swift; path = CharacterRepositoryTests.swift; sourceTree = "<group>"; };
		622A0C1A245D06F700A47CEC /* KIF + Quick.swift */ = {isa = PBXFileReference; lastKnownFileType = sourcecode.swift; path = "KIF + Quick.swift"; sourceTree = "<group>"; };
		62360A112456626A000C61E8 /* CharacterHeaderProtocol.swift */ = {isa = PBXFileReference; lastKnownFileType = sourcecode.swift; path = CharacterHeaderProtocol.swift; sourceTree = "<group>"; };
		623DB986245E1CE20021B354 /* CharactersTestSpec.swift */ = {isa = PBXFileReference; fileEncoding = 4; lastKnownFileType = sourcecode.swift; path = CharactersTestSpec.swift; sourceTree = "<group>"; };
		624E01E4245C654B006A8FDE /* CharacterViewFactoryProtocol.swift */ = {isa = PBXFileReference; lastKnownFileType = sourcecode.swift; path = CharacterViewFactoryProtocol.swift; sourceTree = "<group>"; };
		624E01E6245C655C006A8FDE /* CharacterViewFactory.swift */ = {isa = PBXFileReference; lastKnownFileType = sourcecode.swift; path = CharacterViewFactory.swift; sourceTree = "<group>"; };
		624E01F8245C6CDA006A8FDE /* TEST.xcconfig */ = {isa = PBXFileReference; lastKnownFileType = text.xcconfig; path = TEST.xcconfig; sourceTree = "<group>"; };
		625ECB07245A445D00A7B597 /* DEV.xcconfig */ = {isa = PBXFileReference; lastKnownFileType = text.xcconfig; path = DEV.xcconfig; sourceTree = "<group>"; };
		625ECB09245A45AA00A7B597 /* PROD.xcconfig */ = {isa = PBXFileReference; lastKnownFileType = text.xcconfig; path = PROD.xcconfig; sourceTree = "<group>"; };
		625ECB10245A4D1600A7B597 /* FavoriteButtonView.swift */ = {isa = PBXFileReference; lastKnownFileType = sourcecode.swift; path = FavoriteButtonView.swift; sourceTree = "<group>"; };
		625ECB12245A50DB00A7B597 /* CharacterPosterView.swift */ = {isa = PBXFileReference; lastKnownFileType = sourcecode.swift; path = CharacterPosterView.swift; sourceTree = "<group>"; };
		6294DD562457A2C200CBE8D4 /* CharacterRepositoryError.swift */ = {isa = PBXFileReference; lastKnownFileType = sourcecode.swift; path = CharacterRepositoryError.swift; sourceTree = "<group>"; };
		6294DD5B2457B63F00CBE8D4 /* ErrorView.swift */ = {isa = PBXFileReference; lastKnownFileType = sourcecode.swift; path = ErrorView.swift; sourceTree = "<group>"; };
		62963EE52451079C000EEE2A /* CharacterHeaderViewModel.swift */ = {isa = PBXFileReference; lastKnownFileType = sourcecode.swift; path = CharacterHeaderViewModel.swift; sourceTree = "<group>"; };
		62BE3F3F2455AE7200285F39 /* MComicsModel.xcdatamodel */ = {isa = PBXFileReference; lastKnownFileType = wrapper.xcdatamodel; path = MComicsModel.xcdatamodel; sourceTree = "<group>"; };
		62BE3F442455AFEA00285F39 /* Character.swift */ = {isa = PBXFileReference; lastKnownFileType = sourcecode.swift; path = Character.swift; sourceTree = "<group>"; };
		62BE3F462455B03E00285F39 /* CharacterRepository.swift */ = {isa = PBXFileReference; lastKnownFileType = sourcecode.swift; path = CharacterRepository.swift; sourceTree = "<group>"; };
		62BE3F4D2455CFAE00285F39 /* FavoriteCharacterDTO.swift */ = {isa = PBXFileReference; lastKnownFileType = sourcecode.swift; path = FavoriteCharacterDTO.swift; sourceTree = "<group>"; };
		62BE3F4F2455CFCD00285F39 /* FavoriteCharactersView.swift */ = {isa = PBXFileReference; lastKnownFileType = sourcecode.swift; path = FavoriteCharactersView.swift; sourceTree = "<group>"; };
		62BE3F512455CFE000285F39 /* FavoriteCharactersViewModel.swift */ = {isa = PBXFileReference; lastKnownFileType = sourcecode.swift; path = FavoriteCharactersViewModel.swift; sourceTree = "<group>"; };
		62BE3F532455D12F00285F39 /* CharacterRepositoryProtocol.swift */ = {isa = PBXFileReference; lastKnownFileType = sourcecode.swift; path = CharacterRepositoryProtocol.swift; sourceTree = "<group>"; };
		62BE3F552455D28F00285F39 /* FavoriteCharacter.swift */ = {isa = PBXFileReference; lastKnownFileType = sourcecode.swift; path = FavoriteCharacter.swift; sourceTree = "<group>"; };
		62C4BBCE245E546900DCBBB4 /* CoreDataHelper.swift */ = {isa = PBXFileReference; lastKnownFileType = sourcecode.swift; path = CoreDataHelper.swift; sourceTree = "<group>"; };
		62E6C13A245DDDB70057B256 /* characters.json */ = {isa = PBXFileReference; lastKnownFileType = text.json; path = characters.json; sourceTree = "<group>"; };
		62FC65582457C79900A12912 /* CharacterError.swift */ = {isa = PBXFileReference; lastKnownFileType = sourcecode.swift; path = CharacterError.swift; sourceTree = "<group>"; };
		62FC65632459214A00A12912 /* BannerErrorView.swift */ = {isa = PBXFileReference; lastKnownFileType = sourcecode.swift; path = BannerErrorView.swift; sourceTree = "<group>"; };
		774367B9656B6892852F0F3F /* Pods_MComics.framework */ = {isa = PBXFileReference; explicitFileType = wrapper.framework; includeInIndex = 0; path = Pods_MComics.framework; sourceTree = BUILT_PRODUCTS_DIR; };
		7ABA6ABA5A6945073BD97A91 /* Pods-MComics.dev.xcconfig */ = {isa = PBXFileReference; includeInIndex = 1; lastKnownFileType = text.xcconfig; name = "Pods-MComics.dev.xcconfig"; path = "Target Support Files/Pods-MComics/Pods-MComics.dev.xcconfig"; sourceTree = "<group>"; };
		A6940E24520D1E97B9D9D1C7 /* Pods-MComicsTests.prod.xcconfig */ = {isa = PBXFileReference; includeInIndex = 1; lastKnownFileType = text.xcconfig; name = "Pods-MComicsTests.prod.xcconfig"; path = "Target Support Files/Pods-MComicsTests/Pods-MComicsTests.prod.xcconfig"; sourceTree = "<group>"; };
		ABE9ABA8E0513D2AEAC1AFC0 /* Pods-MComicsTests.test.xcconfig */ = {isa = PBXFileReference; includeInIndex = 1; lastKnownFileType = text.xcconfig; name = "Pods-MComicsTests.test.xcconfig"; path = "Target Support Files/Pods-MComicsTests/Pods-MComicsTests.test.xcconfig"; sourceTree = "<group>"; };
		AE4F032C99046317D52ED4F9 /* Pods-MComicsTests.dev.xcconfig */ = {isa = PBXFileReference; includeInIndex = 1; lastKnownFileType = text.xcconfig; name = "Pods-MComicsTests.dev.xcconfig"; path = "Target Support Files/Pods-MComicsTests/Pods-MComicsTests.dev.xcconfig"; sourceTree = "<group>"; };
		B50AB08E469498A16D633060 /* Pods-MComics.prod.xcconfig */ = {isa = PBXFileReference; includeInIndex = 1; lastKnownFileType = text.xcconfig; name = "Pods-MComics.prod.xcconfig"; path = "Target Support Files/Pods-MComics/Pods-MComics.prod.xcconfig"; sourceTree = "<group>"; };
		B839A0542447CF7D00EDFD90 /* MarvelImageSize.swift */ = {isa = PBXFileReference; lastKnownFileType = sourcecode.swift; path = MarvelImageSize.swift; sourceTree = "<group>"; };
		B839A0572447F44300EDFD90 /* Localizable.strings */ = {isa = PBXFileReference; lastKnownFileType = text.plist.strings; path = Localizable.strings; sourceTree = "<group>"; };
		B839A0592447F46E00EDFD90 /* LocalizableStrings.swift */ = {isa = PBXFileReference; lastKnownFileType = sourcecode.swift; path = LocalizableStrings.swift; sourceTree = "<group>"; };
		B839A05B244928CA00EDFD90 /* ActivityIndicator.swift */ = {isa = PBXFileReference; lastKnownFileType = sourcecode.swift; path = ActivityIndicator.swift; sourceTree = "<group>"; };
		B839A05F24492C1E00EDFD90 /* CharacterDetailView.swift */ = {isa = PBXFileReference; lastKnownFileType = sourcecode.swift; path = CharacterDetailView.swift; sourceTree = "<group>"; };
		B839A06324492F1100EDFD90 /* CharacterDetailViewModel.swift */ = {isa = PBXFileReference; lastKnownFileType = sourcecode.swift; path = CharacterDetailViewModel.swift; sourceTree = "<group>"; };
		B839A0682449527600EDFD90 /* UIApplicationExtension.swift */ = {isa = PBXFileReference; lastKnownFileType = sourcecode.swift; path = UIApplicationExtension.swift; sourceTree = "<group>"; };
		B839A071244953B400EDFD90 /* SearchTextField.swift */ = {isa = PBXFileReference; lastKnownFileType = sourcecode.swift; path = SearchTextField.swift; sourceTree = "<group>"; };
		B8E03BB3244677E300C3180D /* MComics.app */ = {isa = PBXFileReference; explicitFileType = wrapper.application; includeInIndex = 0; path = MComics.app; sourceTree = BUILT_PRODUCTS_DIR; };
		B8E03BB6244677E300C3180D /* AppDelegate.swift */ = {isa = PBXFileReference; lastKnownFileType = sourcecode.swift; path = AppDelegate.swift; sourceTree = "<group>"; };
		B8E03BB8244677E300C3180D /* SceneDelegate.swift */ = {isa = PBXFileReference; lastKnownFileType = sourcecode.swift; path = SceneDelegate.swift; sourceTree = "<group>"; };
		B8E03BBC244677E500C3180D /* Assets.xcassets */ = {isa = PBXFileReference; lastKnownFileType = folder.assetcatalog; path = Assets.xcassets; sourceTree = "<group>"; };
		B8E03BBF244677E500C3180D /* Preview Assets.xcassets */ = {isa = PBXFileReference; lastKnownFileType = folder.assetcatalog; path = "Preview Assets.xcassets"; sourceTree = "<group>"; };
		B8E03BC2244677E500C3180D /* Base */ = {isa = PBXFileReference; lastKnownFileType = file.storyboard; name = Base; path = Base.lproj/LaunchScreen.storyboard; sourceTree = "<group>"; };
		B8E03BC4244677E500C3180D /* info.plist */ = {isa = PBXFileReference; lastKnownFileType = text.plist.xml; path = info.plist; sourceTree = "<group>"; };
		B8E03BD024467F2C00C3180D /* NetworkManager.swift */ = {isa = PBXFileReference; lastKnownFileType = sourcecode.swift; path = NetworkManager.swift; sourceTree = "<group>"; };
		B8E03BD42446849200C3180D /* NetworkError.swift */ = {isa = PBXFileReference; lastKnownFileType = sourcecode.swift; path = NetworkError.swift; sourceTree = "<group>"; };
		B8E03BD72446856200C3180D /* URLRequestExtension.swift */ = {isa = PBXFileReference; lastKnownFileType = sourcecode.swift; path = URLRequestExtension.swift; sourceTree = "<group>"; };
		B8E03BDC2446865B00C3180D /* PlistKey.swift */ = {isa = PBXFileReference; lastKnownFileType = sourcecode.swift; path = PlistKey.swift; sourceTree = "<group>"; };
		B8E03BDE2446867F00C3180D /* MarvelEndpointPlistKey.swift */ = {isa = PBXFileReference; lastKnownFileType = sourcecode.swift; path = MarvelEndpointPlistKey.swift; sourceTree = "<group>"; };
		B8E03BE0244686A700C3180D /* MarvelQueryStringParameter.swift */ = {isa = PBXFileReference; lastKnownFileType = sourcecode.swift; path = MarvelQueryStringParameter.swift; sourceTree = "<group>"; };
		B8E03BE3244686C200C3180D /* MarvelEndpointParameters.swift */ = {isa = PBXFileReference; lastKnownFileType = sourcecode.swift; path = MarvelEndpointParameters.swift; sourceTree = "<group>"; };
		B8E03BE524468B5800C3180D /* MarvelEndpoints.plist */ = {isa = PBXFileReference; lastKnownFileType = text.plist.xml; path = MarvelEndpoints.plist; sourceTree = "<group>"; };
		B8E03BEC24468DF000C3180D /* CharactersViewModel.swift */ = {isa = PBXFileReference; lastKnownFileType = sourcecode.swift; path = CharactersViewModel.swift; sourceTree = "<group>"; };
		B8E03BEE24468E2A00C3180D /* CharacterDTO.swift */ = {isa = PBXFileReference; lastKnownFileType = sourcecode.swift; path = CharacterDTO.swift; sourceTree = "<group>"; };
		B8E03BF124468EA500C3180D /* CharacterHeader.swift */ = {isa = PBXFileReference; lastKnownFileType = sourcecode.swift; path = CharacterHeader.swift; sourceTree = "<group>"; };
		B8E03BF624468FD100C3180D /* CharacterServiceProtocol.swift */ = {isa = PBXFileReference; lastKnownFileType = sourcecode.swift; path = CharacterServiceProtocol.swift; sourceTree = "<group>"; };
		B8E03BFA2446907300C3180D /* CharacterService.swift */ = {isa = PBXFileReference; lastKnownFileType = sourcecode.swift; path = CharacterService.swift; sourceTree = "<group>"; };
		B8E03BFE244692E100C3180D /* MarvelAPIEnvironment.swift */ = {isa = PBXFileReference; lastKnownFileType = sourcecode.swift; path = MarvelAPIEnvironment.swift; sourceTree = "<group>"; };
		B8E03C002446930D00C3180D /* InfoPlistEnvironment.swift */ = {isa = PBXFileReference; lastKnownFileType = sourcecode.swift; path = InfoPlistEnvironment.swift; sourceTree = "<group>"; };
		B8E03C02244695FA00C3180D /* CharactersView.swift */ = {isa = PBXFileReference; lastKnownFileType = sourcecode.swift; path = CharactersView.swift; sourceTree = "<group>"; };
		B8E03C042446A01500C3180D /* DataDTO.swift */ = {isa = PBXFileReference; lastKnownFileType = sourcecode.swift; path = DataDTO.swift; sourceTree = "<group>"; };
		B8E03C062446A04D00C3180D /* CharacterInfoDTO.swift */ = {isa = PBXFileReference; lastKnownFileType = sourcecode.swift; path = CharacterInfoDTO.swift; sourceTree = "<group>"; };
		B8E03C092446A86500C3180D /* HomeView.swift */ = {isa = PBXFileReference; lastKnownFileType = sourcecode.swift; path = HomeView.swift; sourceTree = "<group>"; };
		B8E03C0F2446A9CF00C3180D /* CharacterHeaderView.swift */ = {isa = PBXFileReference; lastKnownFileType = sourcecode.swift; path = CharacterHeaderView.swift; sourceTree = "<group>"; };
		B8E03C122446B14200C3180D /* ThumbnailDTO.swift */ = {isa = PBXFileReference; lastKnownFileType = sourcecode.swift; path = ThumbnailDTO.swift; sourceTree = "<group>"; };
/* End PBXFileReference section */

/* Begin PBXFrameworksBuildPhase section */
		622A0BF5245C74A600A47CEC /* Frameworks */ = {
			isa = PBXFrameworksBuildPhase;
			buildActionMask = 2147483647;
			files = (
				08BBBCE6A17DCD42127BA5E1 /* Pods_MComicsTests.framework in Frameworks */,
			);
			runOnlyForDeploymentPostprocessing = 0;
		};
		B8E03BB0244677E300C3180D /* Frameworks */ = {
			isa = PBXFrameworksBuildPhase;
			buildActionMask = 2147483647;
			files = (
				C44CEAB8D3E23758BFC04F3F /* Pods_MComics.framework in Frameworks */,
			);
			runOnlyForDeploymentPostprocessing = 0;
		};
/* End PBXFrameworksBuildPhase section */

/* Begin PBXGroup section */
		1E53C6F8DF7C38BC209B1F3B /* Pods */ = {
			isa = PBXGroup;
			children = (
				7ABA6ABA5A6945073BD97A91 /* Pods-MComics.dev.xcconfig */,
				371A930071E9FCA6C729810E /* Pods-MComics.test.xcconfig */,
				B50AB08E469498A16D633060 /* Pods-MComics.prod.xcconfig */,
				AE4F032C99046317D52ED4F9 /* Pods-MComicsTests.dev.xcconfig */,
				ABE9ABA8E0513D2AEAC1AFC0 /* Pods-MComicsTests.test.xcconfig */,
				A6940E24520D1E97B9D9D1C7 /* Pods-MComicsTests.prod.xcconfig */,
			);
			path = Pods;
			sourceTree = "<group>";
		};
		6208338C245DAFCE0037FD11 /* KIF + Quick */ = {
			isa = PBXGroup;
			children = (
				622A0C1A245D06F700A47CEC /* KIF + Quick.swift */,
			);
			path = "KIF + Quick";
			sourceTree = "<group>";
		};
		6208338D245DB6B30037FD11 /* Specs */ = {
			isa = PBXGroup;
			children = (
				623DB986245E1CE20021B354 /* CharactersTestSpec.swift */,
				62E6C13A245DDDB70057B256 /* characters.json */,
			);
			path = Specs;
			sourceTree = "<group>";
		};
		622A0BF9245C74A600A47CEC /* MComicsTests */ = {
			isa = PBXGroup;
			children = (
				6208338D245DB6B30037FD11 /* Specs */,
				6208338C245DAFCE0037FD11 /* KIF + Quick */,
				622A0C03245C864300A47CEC /* CoreData */,
				622A0BFC245C74A600A47CEC /* Info.plist */,
			);
			path = MComicsTests;
			sourceTree = "<group>";
		};
		622A0C03245C864300A47CEC /* CoreData */ = {
			isa = PBXGroup;
			children = (
				62C4BBCE245E546900DCBBB4 /* CoreDataHelper.swift */,
				622A0C04245C865900A47CEC /* Repositories */,
			);
			path = CoreData;
			sourceTree = "<group>";
		};
		622A0C04245C865900A47CEC /* Repositories */ = {
			isa = PBXGroup;
			children = (
				622A0C05245C867500A47CEC /* CharacterRepositoryTests.swift */,
			);
			path = Repositories;
			sourceTree = "<group>";
		};
		62360A0F24566247000C61E8 /* CharacterHeader */ = {
			isa = PBXGroup;
			children = (
				62360A1424566279000C61E8 /* Models */,
				62360A1324566271000C61E8 /* ViewModels */,
				62360A102456625A000C61E8 /* Views */,
			);
			path = CharacterHeader;
			sourceTree = "<group>";
		};
		62360A102456625A000C61E8 /* Views */ = {
			isa = PBXGroup;
			children = (
				B8E03C0F2446A9CF00C3180D /* CharacterHeaderView.swift */,
			);
			path = Views;
			sourceTree = "<group>";
		};
		62360A1324566271000C61E8 /* ViewModels */ = {
			isa = PBXGroup;
			children = (
				62963EE52451079C000EEE2A /* CharacterHeaderViewModel.swift */,
			);
			path = ViewModels;
			sourceTree = "<group>";
		};
		62360A1424566279000C61E8 /* Models */ = {
			isa = PBXGroup;
			children = (
				62360A112456626A000C61E8 /* CharacterHeaderProtocol.swift */,
			);
			path = Models;
			sourceTree = "<group>";
		};
		624E01E3245C652F006A8FDE /* Factories */ = {
			isa = PBXGroup;
			children = (
				624E01E8245C66CC006A8FDE /* Views */,
			);
			path = Factories;
			sourceTree = "<group>";
		};
		624E01E8245C66CC006A8FDE /* Views */ = {
			isa = PBXGroup;
			children = (
				624E01E4245C654B006A8FDE /* CharacterViewFactoryProtocol.swift */,
				624E01E6245C655C006A8FDE /* CharacterViewFactory.swift */,
			);
			path = Views;
			sourceTree = "<group>";
		};
		625ECB08245A446900A7B597 /* Environments */ = {
			isa = PBXGroup;
			children = (
				625ECB07245A445D00A7B597 /* DEV.xcconfig */,
				625ECB09245A45AA00A7B597 /* PROD.xcconfig */,
				624E01F8245C6CDA006A8FDE /* TEST.xcconfig */,
			);
			path = Environments;
			sourceTree = "<group>";
		};
		6294DD552457A2B300CBE8D4 /* Errors */ = {
			isa = PBXGroup;
			children = (
				6294DD562457A2C200CBE8D4 /* CharacterRepositoryError.swift */,
			);
			path = Errors;
			sourceTree = "<group>";
		};
		62BE3F3424546A5B00285F39 /* UIViewRepresentable */ = {
			isa = PBXGroup;
			children = (
				B839A05B244928CA00EDFD90 /* ActivityIndicator.swift */,
			);
			path = UIViewRepresentable;
			sourceTree = "<group>";
		};
		62BE3F412455AF1300285F39 /* CoreData */ = {
			isa = PBXGroup;
			children = (
				62BE3F3E2455AE7200285F39 /* MComicsModel.xcdatamodeld */,
				6294DD552457A2B300CBE8D4 /* Errors */,
				62BE3F432455AF3300285F39 /* Models */,
				62BE3F422455AF2200285F39 /* Repositories */,
			);
			path = CoreData;
			sourceTree = "<group>";
		};
		62BE3F422455AF2200285F39 /* Repositories */ = {
			isa = PBXGroup;
			children = (
				62BE3F462455B03E00285F39 /* CharacterRepository.swift */,
				62BE3F532455D12F00285F39 /* CharacterRepositoryProtocol.swift */,
			);
			path = Repositories;
			sourceTree = "<group>";
		};
		62BE3F432455AF3300285F39 /* Models */ = {
			isa = PBXGroup;
			children = (
				62BE3F442455AFEA00285F39 /* Character.swift */,
			);
			path = Models;
			sourceTree = "<group>";
		};
		62BE3F482455CF7600285F39 /* FavoriteCharacters */ = {
			isa = PBXGroup;
			children = (
				62BE3F4B2455CF9200285F39 /* Models */,
				62BE3F4A2455CF8B00285F39 /* ViewModels */,
				62BE3F492455CF8200285F39 /* Views */,
			);
			path = FavoriteCharacters;
			sourceTree = "<group>";
		};
		62BE3F492455CF8200285F39 /* Views */ = {
			isa = PBXGroup;
			children = (
				62BE3F4F2455CFCD00285F39 /* FavoriteCharactersView.swift */,
			);
			path = Views;
			sourceTree = "<group>";
		};
		62BE3F4A2455CF8B00285F39 /* ViewModels */ = {
			isa = PBXGroup;
			children = (
				62BE3F512455CFE000285F39 /* FavoriteCharactersViewModel.swift */,
			);
			path = ViewModels;
			sourceTree = "<group>";
		};
		62BE3F4B2455CF9200285F39 /* Models */ = {
			isa = PBXGroup;
			children = (
				62BE3F552455D28F00285F39 /* FavoriteCharacter.swift */,
			);
			path = Models;
			sourceTree = "<group>";
		};
		62BE3F4C2455CFA000285F39 /* CoreDataDTOs */ = {
			isa = PBXGroup;
			children = (
				62BE3F4D2455CFAE00285F39 /* FavoriteCharacterDTO.swift */,
			);
			path = CoreDataDTOs;
			sourceTree = "<group>";
		};
		62FC65572457C78800A12912 /* Errors */ = {
			isa = PBXGroup;
			children = (
				62FC65582457C79900A12912 /* CharacterError.swift */,
			);
			path = Errors;
			sourceTree = "<group>";
		};
		A35E03305F30CB782DE0EFBF /* Frameworks */ = {
			isa = PBXGroup;
			children = (
				774367B9656B6892852F0F3F /* Pods_MComics.framework */,
				3DA0676FE705286CC803FA2E /* Pods_MComicsTests.framework */,
			);
			name = Frameworks;
			sourceTree = "<group>";
		};
		B839A0562447F42D00EDFD90 /* Localizable */ = {
			isa = PBXGroup;
			children = (
				B839A0572447F44300EDFD90 /* Localizable.strings */,
				B839A0592447F46E00EDFD90 /* LocalizableStrings.swift */,
			);
			path = Localizable;
			sourceTree = "<group>";
		};
		B839A05D24492C0000EDFD90 /* CharacterDetail */ = {
			isa = PBXGroup;
			children = (
				B839A06124492EF200EDFD90 /* ViewModels */,
				B839A05E24492C0900EDFD90 /* Views */,
			);
			path = CharacterDetail;
			sourceTree = "<group>";
		};
		B839A05E24492C0900EDFD90 /* Views */ = {
			isa = PBXGroup;
			children = (
				B839A05F24492C1E00EDFD90 /* CharacterDetailView.swift */,
			);
			path = Views;
			sourceTree = "<group>";
		};
		B839A06124492EF200EDFD90 /* ViewModels */ = {
			isa = PBXGroup;
			children = (
				B839A06324492F1100EDFD90 /* CharacterDetailViewModel.swift */,
			);
			path = ViewModels;
			sourceTree = "<group>";
		};
		B839A0672449526200EDFD90 /* UIKit */ = {
			isa = PBXGroup;
			children = (
				B839A0682449527600EDFD90 /* UIApplicationExtension.swift */,
			);
			path = UIKit;
			sourceTree = "<group>";
		};
		B839A0702449532D00EDFD90 /* Views */ = {
			isa = PBXGroup;
			children = (
				B839A071244953B400EDFD90 /* SearchTextField.swift */,
				6294DD5B2457B63F00CBE8D4 /* ErrorView.swift */,
				62FC65632459214A00A12912 /* BannerErrorView.swift */,
				625ECB10245A4D1600A7B597 /* FavoriteButtonView.swift */,
				625ECB12245A50DB00A7B597 /* CharacterPosterView.swift */,
			);
			path = Views;
			sourceTree = "<group>";
		};
		B8E03BAA244677E300C3180D = {
			isa = PBXGroup;
			children = (
				B8E03BB5244677E300C3180D /* MComics */,
				622A0BF9245C74A600A47CEC /* MComicsTests */,
				B8E03BB4244677E300C3180D /* Products */,
				1E53C6F8DF7C38BC209B1F3B /* Pods */,
				A35E03305F30CB782DE0EFBF /* Frameworks */,
			);
			sourceTree = "<group>";
		};
		B8E03BB4244677E300C3180D /* Products */ = {
			isa = PBXGroup;
			children = (
				B8E03BB3244677E300C3180D /* MComics.app */,
				622A0BF8245C74A600A47CEC /* MComicsTests.xctest */,
			);
			name = Products;
			sourceTree = "<group>";
		};
		B8E03BB5244677E300C3180D /* MComics */ = {
			isa = PBXGroup;
			children = (
				624E01E3245C652F006A8FDE /* Factories */,
				625ECB08245A446900A7B597 /* Environments */,
				62FC65572457C78800A12912 /* Errors */,
				62BE3F412455AF1300285F39 /* CoreData */,
				B839A0562447F42D00EDFD90 /* Localizable */,
				B8E03BE724468D7200C3180D /* Modules */,
				B8E03BD62446855400C3180D /* Extensions */,
				B8E03BCE24467EE100C3180D /* Infrastructure */,
				B8E03BCD24467EBF00C3180D /* Components */,
				B8E03BCB24467B4B00C3180D /* Data */,
				B8E03BCA2446780700C3180D /* DTOs */,
				B8E03BB6244677E300C3180D /* AppDelegate.swift */,
				B8E03BB8244677E300C3180D /* SceneDelegate.swift */,
				B8E03BBC244677E500C3180D /* Assets.xcassets */,
				B8E03BC1244677E500C3180D /* LaunchScreen.storyboard */,
				B8E03BC4244677E500C3180D /* info.plist */,
				B8E03BBE244677E500C3180D /* Preview Content */,
			);
			path = MComics;
			sourceTree = "<group>";
		};
		B8E03BBE244677E500C3180D /* Preview Content */ = {
			isa = PBXGroup;
			children = (
				B8E03BBF244677E500C3180D /* Preview Assets.xcassets */,
			);
			path = "Preview Content";
			sourceTree = "<group>";
		};
		B8E03BCA2446780700C3180D /* DTOs */ = {
			isa = PBXGroup;
			children = (
				62BE3F4C2455CFA000285F39 /* CoreDataDTOs */,
				B8E03BF92446902C00C3180D /* MarvelDTOs */,
			);
			path = DTOs;
			sourceTree = "<group>";
		};
		B8E03BCB24467B4B00C3180D /* Data */ = {
			isa = PBXGroup;
			children = (
				B8E03BF324468F9400C3180D /* Networking */,
			);
			path = Data;
			sourceTree = "<group>";
		};
		B8E03BCD24467EBF00C3180D /* Components */ = {
			isa = PBXGroup;
			children = (
				62360A0F24566247000C61E8 /* CharacterHeader */,
				62BE3F3424546A5B00285F39 /* UIViewRepresentable */,
				B839A0702449532D00EDFD90 /* Views */,
			);
			path = Components;
			sourceTree = "<group>";
		};
		B8E03BCE24467EE100C3180D /* Infrastructure */ = {
			isa = PBXGroup;
			children = (
				B8E03BDA2446864700C3180D /* Plist */,
				B8E03BCF24467EFE00C3180D /* Networking */,
			);
			path = Infrastructure;
			sourceTree = "<group>";
		};
		B8E03BCF24467EFE00C3180D /* Networking */ = {
			isa = PBXGroup;
			children = (
				B8E03BFD2446926E00C3180D /* Marvel */,
				B8E03BD024467F2C00C3180D /* NetworkManager.swift */,
				B8E03BD42446849200C3180D /* NetworkError.swift */,
			);
			path = Networking;
			sourceTree = "<group>";
		};
		B8E03BD62446855400C3180D /* Extensions */ = {
			isa = PBXGroup;
			children = (
				B839A0672449526200EDFD90 /* UIKit */,
				B8E03BD92446857900C3180D /* Foundation */,
			);
			path = Extensions;
			sourceTree = "<group>";
		};
		B8E03BD92446857900C3180D /* Foundation */ = {
			isa = PBXGroup;
			children = (
				B8E03BD72446856200C3180D /* URLRequestExtension.swift */,
			);
			path = Foundation;
			sourceTree = "<group>";
		};
		B8E03BDA2446864700C3180D /* Plist */ = {
			isa = PBXGroup;
			children = (
				B8E03BDB2446865000C3180D /* Enums */,
				B8E03C002446930D00C3180D /* InfoPlistEnvironment.swift */,
			);
			path = Plist;
			sourceTree = "<group>";
		};
		B8E03BDB2446865000C3180D /* Enums */ = {
			isa = PBXGroup;
			children = (
				B8E03BDC2446865B00C3180D /* PlistKey.swift */,
			);
			path = Enums;
			sourceTree = "<group>";
		};
		B8E03BE724468D7200C3180D /* Modules */ = {
			isa = PBXGroup;
			children = (
				62BE3F482455CF7600285F39 /* FavoriteCharacters */,
				B839A05D24492C0000EDFD90 /* CharacterDetail */,
				B8E03C082446A84900C3180D /* Home */,
				B8E03BE824468DA100C3180D /* Characters */,
			);
			path = Modules;
			sourceTree = "<group>";
		};
		B8E03BE824468DA100C3180D /* Characters */ = {
			isa = PBXGroup;
			children = (
				B8E03BEB24468DCC00C3180D /* ViewModels */,
				B8E03BEA24468DC600C3180D /* Models */,
				B8E03BE924468DC200C3180D /* Views */,
			);
			path = Characters;
			sourceTree = "<group>";
		};
		B8E03BE924468DC200C3180D /* Views */ = {
			isa = PBXGroup;
			children = (
				B8E03C02244695FA00C3180D /* CharactersView.swift */,
			);
			path = Views;
			sourceTree = "<group>";
		};
		B8E03BEA24468DC600C3180D /* Models */ = {
			isa = PBXGroup;
			children = (
				B8E03BF124468EA500C3180D /* CharacterHeader.swift */,
			);
			path = Models;
			sourceTree = "<group>";
		};
		B8E03BEB24468DCC00C3180D /* ViewModels */ = {
			isa = PBXGroup;
			children = (
				B8E03BEC24468DF000C3180D /* CharactersViewModel.swift */,
			);
			path = ViewModels;
			sourceTree = "<group>";
		};
		B8E03BF324468F9400C3180D /* Networking */ = {
			isa = PBXGroup;
			children = (
				B8E03BF424468FA300C3180D /* MarvelServices */,
			);
			path = Networking;
			sourceTree = "<group>";
		};
		B8E03BF424468FA300C3180D /* MarvelServices */ = {
			isa = PBXGroup;
			children = (
				B8E03BF524468FB700C3180D /* CharactersService */,
			);
			path = MarvelServices;
			sourceTree = "<group>";
		};
		B8E03BF524468FB700C3180D /* CharactersService */ = {
			isa = PBXGroup;
			children = (
				B8E03BF624468FD100C3180D /* CharacterServiceProtocol.swift */,
				B8E03BFA2446907300C3180D /* CharacterService.swift */,
			);
			path = CharactersService;
			sourceTree = "<group>";
		};
		B8E03BF92446902C00C3180D /* MarvelDTOs */ = {
			isa = PBXGroup;
			children = (
				B8E03C112446B12700C3180D /* Character */,
				B8E03C042446A01500C3180D /* DataDTO.swift */,
			);
			path = MarvelDTOs;
			sourceTree = "<group>";
		};
		B8E03BFD2446926E00C3180D /* Marvel */ = {
			isa = PBXGroup;
			children = (
				B8E03BE0244686A700C3180D /* MarvelQueryStringParameter.swift */,
				B8E03BE524468B5800C3180D /* MarvelEndpoints.plist */,
				B8E03BFE244692E100C3180D /* MarvelAPIEnvironment.swift */,
				B839A0542447CF7D00EDFD90 /* MarvelImageSize.swift */,
				B8E03BDE2446867F00C3180D /* MarvelEndpointPlistKey.swift */,
				B8E03BE3244686C200C3180D /* MarvelEndpointParameters.swift */,
			);
			path = Marvel;
			sourceTree = "<group>";
		};
		B8E03C082446A84900C3180D /* Home */ = {
			isa = PBXGroup;
			children = (
				B8E03C0B2446A87A00C3180D /* Views */,
			);
			path = Home;
			sourceTree = "<group>";
		};
		B8E03C0B2446A87A00C3180D /* Views */ = {
			isa = PBXGroup;
			children = (
				B8E03C092446A86500C3180D /* HomeView.swift */,
			);
			path = Views;
			sourceTree = "<group>";
		};
		B8E03C112446B12700C3180D /* Character */ = {
			isa = PBXGroup;
			children = (
				B8E03C062446A04D00C3180D /* CharacterInfoDTO.swift */,
				B8E03BEE24468E2A00C3180D /* CharacterDTO.swift */,
				B8E03C122446B14200C3180D /* ThumbnailDTO.swift */,
			);
			path = Character;
			sourceTree = "<group>";
		};
/* End PBXGroup section */

/* Begin PBXNativeTarget section */
		622A0BF7245C74A600A47CEC /* MComicsTests */ = {
			isa = PBXNativeTarget;
			buildConfigurationList = 622A0BFF245C74A600A47CEC /* Build configuration list for PBXNativeTarget "MComicsTests" */;
			buildPhases = (
				4BAD44302204616B0D2CD781 /* [CP] Check Pods Manifest.lock */,
				622A0BF4245C74A600A47CEC /* Sources */,
				622A0BF5245C74A600A47CEC /* Frameworks */,
				622A0BF6245C74A600A47CEC /* Resources */,
				D073CF31D1838361B715D7B5 /* [CP] Embed Pods Frameworks */,
			);
			buildRules = (
			);
			dependencies = (
				622A0BFE245C74A600A47CEC /* PBXTargetDependency */,
			);
			name = MComicsTests;
			productName = MComicsTests;
			productReference = 622A0BF8245C74A600A47CEC /* MComicsTests.xctest */;
			productType = "com.apple.product-type.bundle.unit-test";
		};
		B8E03BB2244677E300C3180D /* MComics */ = {
			isa = PBXNativeTarget;
			buildConfigurationList = B8E03BC7244677E500C3180D /* Build configuration list for PBXNativeTarget "MComics" */;
			buildPhases = (
				238F090422A98536D234D405 /* [CP] Check Pods Manifest.lock */,
				B8E03BAF244677E300C3180D /* Sources */,
				B8E03BB0244677E300C3180D /* Frameworks */,
				B8E03BB1244677E300C3180D /* Resources */,
				36CFC8476CD01D75D75A5491 /* [CP] Embed Pods Frameworks */,
			);
			buildRules = (
			);
			dependencies = (
			);
			name = MComics;
			productName = MComics;
			productReference = B8E03BB3244677E300C3180D /* MComics.app */;
			productType = "com.apple.product-type.application";
		};
/* End PBXNativeTarget section */

/* Begin PBXProject section */
		B8E03BAB244677E300C3180D /* Project object */ = {
			isa = PBXProject;
			attributes = {
				LastSwiftUpdateCheck = 1140;
				LastUpgradeCheck = 1130;
				ORGANIZATIONNAME = "Mateus Forgiarini da Silva";
				TargetAttributes = {
					622A0BF7245C74A600A47CEC = {
						CreatedOnToolsVersion = 11.4;
						TestTargetID = B8E03BB2244677E300C3180D;
					};
					B8E03BB2244677E300C3180D = {
						CreatedOnToolsVersion = 11.3.1;
					};
				};
			};
			buildConfigurationList = B8E03BAE244677E300C3180D /* Build configuration list for PBXProject "MComics" */;
			compatibilityVersion = "Xcode 9.3";
			developmentRegion = en;
			hasScannedForEncodings = 0;
			knownRegions = (
				en,
				Base,
			);
			mainGroup = B8E03BAA244677E300C3180D;
			productRefGroup = B8E03BB4244677E300C3180D /* Products */;
			projectDirPath = "";
			projectRoot = "";
			targets = (
				B8E03BB2244677E300C3180D /* MComics */,
				622A0BF7245C74A600A47CEC /* MComicsTests */,
			);
		};
/* End PBXProject section */

/* Begin PBXResourcesBuildPhase section */
		622A0BF6245C74A600A47CEC /* Resources */ = {
			isa = PBXResourcesBuildPhase;
			buildActionMask = 2147483647;
			files = (
				62E6C13B245DF3130057B256 /* characters.json in Resources */,
			);
			runOnlyForDeploymentPostprocessing = 0;
		};
		B8E03BB1244677E300C3180D /* Resources */ = {
			isa = PBXResourcesBuildPhase;
			buildActionMask = 2147483647;
			files = (
				B839A0582447F44300EDFD90 /* Localizable.strings in Resources */,
				B8E03BC3244677E500C3180D /* LaunchScreen.storyboard in Resources */,
				B8E03BE624468B5800C3180D /* MarvelEndpoints.plist in Resources */,
				B8E03BC0244677E500C3180D /* Preview Assets.xcassets in Resources */,
				B8E03BBD244677E500C3180D /* Assets.xcassets in Resources */,
			);
			runOnlyForDeploymentPostprocessing = 0;
		};
/* End PBXResourcesBuildPhase section */

/* Begin PBXShellScriptBuildPhase section */
		238F090422A98536D234D405 /* [CP] Check Pods Manifest.lock */ = {
			isa = PBXShellScriptBuildPhase;
			buildActionMask = 2147483647;
			files = (
			);
			inputFileListPaths = (
			);
			inputPaths = (
				"${PODS_PODFILE_DIR_PATH}/Podfile.lock",
				"${PODS_ROOT}/Manifest.lock",
			);
			name = "[CP] Check Pods Manifest.lock";
			outputFileListPaths = (
			);
			outputPaths = (
				"$(DERIVED_FILE_DIR)/Pods-MComics-checkManifestLockResult.txt",
			);
			runOnlyForDeploymentPostprocessing = 0;
			shellPath = /bin/sh;
			shellScript = "diff \"${PODS_PODFILE_DIR_PATH}/Podfile.lock\" \"${PODS_ROOT}/Manifest.lock\" > /dev/null\nif [ $? != 0 ] ; then\n    # print error to STDERR\n    echo \"error: The sandbox is not in sync with the Podfile.lock. Run 'pod install' or update your CocoaPods installation.\" >&2\n    exit 1\nfi\n# This output is used by Xcode 'outputs' to avoid re-running this script phase.\necho \"SUCCESS\" > \"${SCRIPT_OUTPUT_FILE_0}\"\n";
			showEnvVarsInLog = 0;
		};
		36CFC8476CD01D75D75A5491 /* [CP] Embed Pods Frameworks */ = {
			isa = PBXShellScriptBuildPhase;
			buildActionMask = 2147483647;
			files = (
			);
			inputFileListPaths = (
				"${PODS_ROOT}/Target Support Files/Pods-MComics/Pods-MComics-frameworks-${CONFIGURATION}-input-files.xcfilelist",
			);
			name = "[CP] Embed Pods Frameworks";
			outputFileListPaths = (
				"${PODS_ROOT}/Target Support Files/Pods-MComics/Pods-MComics-frameworks-${CONFIGURATION}-output-files.xcfilelist",
			);
			runOnlyForDeploymentPostprocessing = 0;
			shellPath = /bin/sh;
			shellScript = "\"${PODS_ROOT}/Target Support Files/Pods-MComics/Pods-MComics-frameworks.sh\"\n";
			showEnvVarsInLog = 0;
		};
		4BAD44302204616B0D2CD781 /* [CP] Check Pods Manifest.lock */ = {
			isa = PBXShellScriptBuildPhase;
			buildActionMask = 2147483647;
			files = (
			);
			inputFileListPaths = (
			);
			inputPaths = (
				"${PODS_PODFILE_DIR_PATH}/Podfile.lock",
				"${PODS_ROOT}/Manifest.lock",
			);
			name = "[CP] Check Pods Manifest.lock";
			outputFileListPaths = (
			);
			outputPaths = (
				"$(DERIVED_FILE_DIR)/Pods-MComicsTests-checkManifestLockResult.txt",
			);
			runOnlyForDeploymentPostprocessing = 0;
			shellPath = /bin/sh;
			shellScript = "diff \"${PODS_PODFILE_DIR_PATH}/Podfile.lock\" \"${PODS_ROOT}/Manifest.lock\" > /dev/null\nif [ $? != 0 ] ; then\n    # print error to STDERR\n    echo \"error: The sandbox is not in sync with the Podfile.lock. Run 'pod install' or update your CocoaPods installation.\" >&2\n    exit 1\nfi\n# This output is used by Xcode 'outputs' to avoid re-running this script phase.\necho \"SUCCESS\" > \"${SCRIPT_OUTPUT_FILE_0}\"\n";
			showEnvVarsInLog = 0;
		};
		D073CF31D1838361B715D7B5 /* [CP] Embed Pods Frameworks */ = {
			isa = PBXShellScriptBuildPhase;
			buildActionMask = 2147483647;
			files = (
			);
			inputFileListPaths = (
				"${PODS_ROOT}/Target Support Files/Pods-MComicsTests/Pods-MComicsTests-frameworks-${CONFIGURATION}-input-files.xcfilelist",
			);
			name = "[CP] Embed Pods Frameworks";
			outputFileListPaths = (
				"${PODS_ROOT}/Target Support Files/Pods-MComicsTests/Pods-MComicsTests-frameworks-${CONFIGURATION}-output-files.xcfilelist",
			);
			runOnlyForDeploymentPostprocessing = 0;
			shellPath = /bin/sh;
			shellScript = "\"${PODS_ROOT}/Target Support Files/Pods-MComicsTests/Pods-MComicsTests-frameworks.sh\"\n";
			showEnvVarsInLog = 0;
		};
/* End PBXShellScriptBuildPhase section */

/* Begin PBXSourcesBuildPhase section */
		622A0BF4245C74A600A47CEC /* Sources */ = {
			isa = PBXSourcesBuildPhase;
			buildActionMask = 2147483647;
			files = (
				622A0C1E245D0A8300A47CEC /* KIF + Quick.swift in Sources */,
				622A0C06245C867500A47CEC /* CharacterRepositoryTests.swift in Sources */,
				62C4BBCF245E546900DCBBB4 /* CoreDataHelper.swift in Sources */,
				623DB987245E1CE20021B354 /* CharactersTestSpec.swift in Sources */,
			);
			runOnlyForDeploymentPostprocessing = 0;
		};
		B8E03BAF244677E300C3180D /* Sources */ = {
			isa = PBXSourcesBuildPhase;
			buildActionMask = 2147483647;
			files = (
				B8E03BFB2446907300C3180D /* CharacterService.swift in Sources */,
				B8E03BED24468DF000C3180D /* CharactersViewModel.swift in Sources */,
				B8E03BDF2446867F00C3180D /* MarvelEndpointPlistKey.swift in Sources */,
				B839A06024492C1E00EDFD90 /* CharacterDetailView.swift in Sources */,
				62BE3F522455CFE000285F39 /* FavoriteCharactersViewModel.swift in Sources */,
				62BE3F542455D12F00285F39 /* CharacterRepositoryProtocol.swift in Sources */,
				B8E03BD124467F2C00C3180D /* NetworkManager.swift in Sources */,
				B839A05C244928CA00EDFD90 /* ActivityIndicator.swift in Sources */,
				6294DD572457A2C200CBE8D4 /* CharacterRepositoryError.swift in Sources */,
				62BE3F4E2455CFAE00285F39 /* FavoriteCharacterDTO.swift in Sources */,
				6294DD5C2457B63F00CBE8D4 /* ErrorView.swift in Sources */,
				B8E03BB7244677E300C3180D /* AppDelegate.swift in Sources */,
				62BE3F452455AFEA00285F39 /* Character.swift in Sources */,
				B8E03C0A2446A86500C3180D /* HomeView.swift in Sources */,
				B8E03C012446930D00C3180D /* InfoPlistEnvironment.swift in Sources */,
				62FC65642459214A00A12912 /* BannerErrorView.swift in Sources */,
				B839A072244953B400EDFD90 /* SearchTextField.swift in Sources */,
				B8E03BFF244692E100C3180D /* MarvelAPIEnvironment.swift in Sources */,
				62BE3F502455CFCD00285F39 /* FavoriteCharactersView.swift in Sources */,
				62963EE62451079C000EEE2A /* CharacterHeaderViewModel.swift in Sources */,
				B8E03BD52446849200C3180D /* NetworkError.swift in Sources */,
				62BE3F402455AE7200285F39 /* MComicsModel.xcdatamodeld in Sources */,
				B8E03BE4244686C200C3180D /* MarvelEndpointParameters.swift in Sources */,
				B8E03C072446A04D00C3180D /* CharacterInfoDTO.swift in Sources */,
				625ECB11245A4D1600A7B597 /* FavoriteButtonView.swift in Sources */,
				624E01E7245C655C006A8FDE /* CharacterViewFactory.swift in Sources */,
				62BE3F472455B03E00285F39 /* CharacterRepository.swift in Sources */,
				624E01E5245C654B006A8FDE /* CharacterViewFactoryProtocol.swift in Sources */,
				B8E03BE1244686A700C3180D /* MarvelQueryStringParameter.swift in Sources */,
				B8E03BB9244677E300C3180D /* SceneDelegate.swift in Sources */,
				B839A0692449527600EDFD90 /* UIApplicationExtension.swift in Sources */,
				62FC65592457C79900A12912 /* CharacterError.swift in Sources */,
				B8E03C132446B14200C3180D /* ThumbnailDTO.swift in Sources */,
				B8E03BF724468FD100C3180D /* CharacterServiceProtocol.swift in Sources */,
				B8E03BEF24468E2A00C3180D /* CharacterDTO.swift in Sources */,
				B839A05A2447F46E00EDFD90 /* LocalizableStrings.swift in Sources */,
				B8E03C03244695FA00C3180D /* CharactersView.swift in Sources */,
				62360A122456626A000C61E8 /* CharacterHeaderProtocol.swift in Sources */,
				B8E03C102446A9CF00C3180D /* CharacterHeaderView.swift in Sources */,
				B8E03C052446A01500C3180D /* DataDTO.swift in Sources */,
				B8E03BF224468EA500C3180D /* CharacterHeader.swift in Sources */,
				B839A0552447CF7D00EDFD90 /* MarvelImageSize.swift in Sources */,
				625ECB13245A50DB00A7B597 /* CharacterPosterView.swift in Sources */,
				B839A06424492F1100EDFD90 /* CharacterDetailViewModel.swift in Sources */,
				62BE3F562455D28F00285F39 /* FavoriteCharacter.swift in Sources */,
				B8E03BDD2446865B00C3180D /* PlistKey.swift in Sources */,
				B8E03BD82446856200C3180D /* URLRequestExtension.swift in Sources */,
			);
			runOnlyForDeploymentPostprocessing = 0;
		};
/* End PBXSourcesBuildPhase section */

/* Begin PBXTargetDependency section */
		622A0BFE245C74A600A47CEC /* PBXTargetDependency */ = {
			isa = PBXTargetDependency;
			target = B8E03BB2244677E300C3180D /* MComics */;
			targetProxy = 622A0BFD245C74A600A47CEC /* PBXContainerItemProxy */;
		};
/* End PBXTargetDependency section */

/* Begin PBXVariantGroup section */
		B8E03BC1244677E500C3180D /* LaunchScreen.storyboard */ = {
			isa = PBXVariantGroup;
			children = (
				B8E03BC2244677E500C3180D /* Base */,
			);
			name = LaunchScreen.storyboard;
			sourceTree = "<group>";
		};
/* End PBXVariantGroup section */

/* Begin XCBuildConfiguration section */
		622A0C00245C74A600A47CEC /* DEV */ = {
			isa = XCBuildConfiguration;
			baseConfigurationReference = AE4F032C99046317D52ED4F9 /* Pods-MComicsTests.dev.xcconfig */;
			buildSettings = {
				ALWAYS_SEARCH_USER_PATHS = NO;
				BUNDLE_LOADER = "$(TEST_HOST)";
				CLANG_ANALYZER_NONNULL = YES;
				CLANG_ANALYZER_NUMBER_OBJECT_CONVERSION = YES_AGGRESSIVE;
				CLANG_CXX_LANGUAGE_STANDARD = "gnu++14";
				CLANG_CXX_LIBRARY = "libc++";
				CLANG_ENABLE_MODULES = YES;
				CLANG_ENABLE_OBJC_ARC = YES;
				CLANG_ENABLE_OBJC_WEAK = YES;
				CLANG_WARN_BLOCK_CAPTURE_AUTORELEASING = YES;
				CLANG_WARN_BOOL_CONVERSION = YES;
				CLANG_WARN_COMMA = YES;
				CLANG_WARN_CONSTANT_CONVERSION = YES;
				CLANG_WARN_DEPRECATED_OBJC_IMPLEMENTATIONS = YES;
				CLANG_WARN_DIRECT_OBJC_ISA_USAGE = YES_ERROR;
				CLANG_WARN_DOCUMENTATION_COMMENTS = YES;
				CLANG_WARN_EMPTY_BODY = YES;
				CLANG_WARN_ENUM_CONVERSION = YES;
				CLANG_WARN_INFINITE_RECURSION = YES;
				CLANG_WARN_INT_CONVERSION = YES;
				CLANG_WARN_NON_LITERAL_NULL_CONVERSION = YES;
				CLANG_WARN_OBJC_IMPLICIT_RETAIN_SELF = YES;
				CLANG_WARN_OBJC_LITERAL_CONVERSION = YES;
				CLANG_WARN_OBJC_ROOT_CLASS = YES_ERROR;
				CLANG_WARN_RANGE_LOOP_ANALYSIS = YES;
				CLANG_WARN_STRICT_PROTOTYPES = YES;
				CLANG_WARN_SUSPICIOUS_MOVE = YES;
				CLANG_WARN_UNGUARDED_AVAILABILITY = YES_AGGRESSIVE;
				CLANG_WARN_UNREACHABLE_CODE = YES;
				CLANG_WARN__DUPLICATE_METHOD_MATCH = YES;
				CODE_SIGN_STYLE = Automatic;
				COPY_PHASE_STRIP = NO;
				DEBUG_INFORMATION_FORMAT = dwarf;
				DEVELOPMENT_TEAM = V76C5WX8SM;
				ENABLE_STRICT_OBJC_MSGSEND = YES;
				ENABLE_TESTABILITY = YES;
				GCC_C_LANGUAGE_STANDARD = gnu11;
				GCC_DYNAMIC_NO_PIC = NO;
				GCC_NO_COMMON_BLOCKS = YES;
				GCC_OPTIMIZATION_LEVEL = 0;
				GCC_PREPROCESSOR_DEFINITIONS = (
					"DEBUG=1",
					"$(inherited)",
				);
				GCC_WARN_64_TO_32_BIT_CONVERSION = YES;
				GCC_WARN_ABOUT_RETURN_TYPE = YES_ERROR;
				GCC_WARN_UNDECLARED_SELECTOR = YES;
				GCC_WARN_UNINITIALIZED_AUTOS = YES_AGGRESSIVE;
				GCC_WARN_UNUSED_FUNCTION = YES;
				GCC_WARN_UNUSED_VARIABLE = YES;
				INFOPLIST_FILE = MComicsTests/Info.plist;
				IPHONEOS_DEPLOYMENT_TARGET = 13.2;
				LD_RUNPATH_SEARCH_PATHS = (
					"$(inherited)",
					"@executable_path/Frameworks",
					"@loader_path/Frameworks",
				);
				MTL_ENABLE_DEBUG_INFO = INCLUDE_SOURCE;
				MTL_FAST_MATH = YES;
				ONLY_ACTIVE_ARCH = YES;
				PRODUCT_BUNDLE_IDENTIFIER = MateusForgiarini.MComicsTests;
				PRODUCT_NAME = "$(TARGET_NAME)";
				SDKROOT = iphoneos;
				SWIFT_ACTIVE_COMPILATION_CONDITIONS = DEBUG;
				SWIFT_OPTIMIZATION_LEVEL = "-Onone";
				SWIFT_VERSION = 5.0;
				TARGETED_DEVICE_FAMILY = "1,2";
				TEST_HOST = "$(BUILT_PRODUCTS_DIR)/MComics.app/MComics";
			};
			name = DEV;
		};
		622A0C01245C74A600A47CEC /* TEST */ = {
			isa = XCBuildConfiguration;
			baseConfigurationReference = ABE9ABA8E0513D2AEAC1AFC0 /* Pods-MComicsTests.test.xcconfig */;
			buildSettings = {
				ALWAYS_SEARCH_USER_PATHS = NO;
				BUNDLE_LOADER = "$(TEST_HOST)";
				CLANG_ANALYZER_NONNULL = YES;
				CLANG_ANALYZER_NUMBER_OBJECT_CONVERSION = YES_AGGRESSIVE;
				CLANG_CXX_LANGUAGE_STANDARD = "gnu++14";
				CLANG_CXX_LIBRARY = "libc++";
				CLANG_ENABLE_MODULES = YES;
				CLANG_ENABLE_OBJC_ARC = YES;
				CLANG_ENABLE_OBJC_WEAK = YES;
				CLANG_WARN_BLOCK_CAPTURE_AUTORELEASING = YES;
				CLANG_WARN_BOOL_CONVERSION = YES;
				CLANG_WARN_COMMA = YES;
				CLANG_WARN_CONSTANT_CONVERSION = YES;
				CLANG_WARN_DEPRECATED_OBJC_IMPLEMENTATIONS = YES;
				CLANG_WARN_DIRECT_OBJC_ISA_USAGE = YES_ERROR;
				CLANG_WARN_DOCUMENTATION_COMMENTS = YES;
				CLANG_WARN_EMPTY_BODY = YES;
				CLANG_WARN_ENUM_CONVERSION = YES;
				CLANG_WARN_INFINITE_RECURSION = YES;
				CLANG_WARN_INT_CONVERSION = YES;
				CLANG_WARN_NON_LITERAL_NULL_CONVERSION = YES;
				CLANG_WARN_OBJC_IMPLICIT_RETAIN_SELF = YES;
				CLANG_WARN_OBJC_LITERAL_CONVERSION = YES;
				CLANG_WARN_OBJC_ROOT_CLASS = YES_ERROR;
				CLANG_WARN_RANGE_LOOP_ANALYSIS = YES;
				CLANG_WARN_STRICT_PROTOTYPES = YES;
				CLANG_WARN_SUSPICIOUS_MOVE = YES;
				CLANG_WARN_UNGUARDED_AVAILABILITY = YES_AGGRESSIVE;
				CLANG_WARN_UNREACHABLE_CODE = YES;
				CLANG_WARN__DUPLICATE_METHOD_MATCH = YES;
				CODE_SIGN_STYLE = Automatic;
				COPY_PHASE_STRIP = NO;
				DEBUG_INFORMATION_FORMAT = "dwarf-with-dsym";
				DEVELOPMENT_TEAM = V76C5WX8SM;
				ENABLE_NS_ASSERTIONS = NO;
				ENABLE_STRICT_OBJC_MSGSEND = YES;
				ENABLE_TESTABILITY = YES;
				GCC_C_LANGUAGE_STANDARD = gnu11;
				GCC_NO_COMMON_BLOCKS = YES;
				GCC_WARN_64_TO_32_BIT_CONVERSION = YES;
				GCC_WARN_ABOUT_RETURN_TYPE = YES_ERROR;
				GCC_WARN_UNDECLARED_SELECTOR = YES;
				GCC_WARN_UNINITIALIZED_AUTOS = YES_AGGRESSIVE;
				GCC_WARN_UNUSED_FUNCTION = YES;
				GCC_WARN_UNUSED_VARIABLE = YES;
				INFOPLIST_FILE = MComicsTests/Info.plist;
				IPHONEOS_DEPLOYMENT_TARGET = 13.2;
				LD_RUNPATH_SEARCH_PATHS = (
					"$(inherited)",
					"@executable_path/Frameworks",
					"@loader_path/Frameworks",
				);
				MTL_ENABLE_DEBUG_INFO = NO;
				MTL_FAST_MATH = YES;
				PRODUCT_BUNDLE_IDENTIFIER = MateusForgiarini.MComicsTests;
				PRODUCT_NAME = "$(TARGET_NAME)";
				SDKROOT = iphoneos;
				SWIFT_COMPILATION_MODE = wholemodule;
				SWIFT_OPTIMIZATION_LEVEL = "-O";
				SWIFT_VERSION = 5.0;
				TARGETED_DEVICE_FAMILY = "1,2";
				TEST_HOST = "$(BUILT_PRODUCTS_DIR)/MComics.app/MComics";
				VALIDATE_PRODUCT = YES;
			};
			name = TEST;
		};
		622A0C02245C74A600A47CEC /* PROD */ = {
			isa = XCBuildConfiguration;
			baseConfigurationReference = A6940E24520D1E97B9D9D1C7 /* Pods-MComicsTests.prod.xcconfig */;
			buildSettings = {
				ALWAYS_SEARCH_USER_PATHS = NO;
				BUNDLE_LOADER = "$(TEST_HOST)";
				CLANG_ANALYZER_NONNULL = YES;
				CLANG_ANALYZER_NUMBER_OBJECT_CONVERSION = YES_AGGRESSIVE;
				CLANG_CXX_LANGUAGE_STANDARD = "gnu++14";
				CLANG_CXX_LIBRARY = "libc++";
				CLANG_ENABLE_MODULES = YES;
				CLANG_ENABLE_OBJC_ARC = YES;
				CLANG_ENABLE_OBJC_WEAK = YES;
				CLANG_WARN_BLOCK_CAPTURE_AUTORELEASING = YES;
				CLANG_WARN_BOOL_CONVERSION = YES;
				CLANG_WARN_COMMA = YES;
				CLANG_WARN_CONSTANT_CONVERSION = YES;
				CLANG_WARN_DEPRECATED_OBJC_IMPLEMENTATIONS = YES;
				CLANG_WARN_DIRECT_OBJC_ISA_USAGE = YES_ERROR;
				CLANG_WARN_DOCUMENTATION_COMMENTS = YES;
				CLANG_WARN_EMPTY_BODY = YES;
				CLANG_WARN_ENUM_CONVERSION = YES;
				CLANG_WARN_INFINITE_RECURSION = YES;
				CLANG_WARN_INT_CONVERSION = YES;
				CLANG_WARN_NON_LITERAL_NULL_CONVERSION = YES;
				CLANG_WARN_OBJC_IMPLICIT_RETAIN_SELF = YES;
				CLANG_WARN_OBJC_LITERAL_CONVERSION = YES;
				CLANG_WARN_OBJC_ROOT_CLASS = YES_ERROR;
				CLANG_WARN_RANGE_LOOP_ANALYSIS = YES;
				CLANG_WARN_STRICT_PROTOTYPES = YES;
				CLANG_WARN_SUSPICIOUS_MOVE = YES;
				CLANG_WARN_UNGUARDED_AVAILABILITY = YES_AGGRESSIVE;
				CLANG_WARN_UNREACHABLE_CODE = YES;
				CLANG_WARN__DUPLICATE_METHOD_MATCH = YES;
				CODE_SIGN_STYLE = Automatic;
				COPY_PHASE_STRIP = NO;
				DEBUG_INFORMATION_FORMAT = "dwarf-with-dsym";
				DEVELOPMENT_TEAM = V76C5WX8SM;
				ENABLE_NS_ASSERTIONS = NO;
				ENABLE_STRICT_OBJC_MSGSEND = YES;
				GCC_C_LANGUAGE_STANDARD = gnu11;
				GCC_NO_COMMON_BLOCKS = YES;
				GCC_WARN_64_TO_32_BIT_CONVERSION = YES;
				GCC_WARN_ABOUT_RETURN_TYPE = YES_ERROR;
				GCC_WARN_UNDECLARED_SELECTOR = YES;
				GCC_WARN_UNINITIALIZED_AUTOS = YES_AGGRESSIVE;
				GCC_WARN_UNUSED_FUNCTION = YES;
				GCC_WARN_UNUSED_VARIABLE = YES;
				INFOPLIST_FILE = MComicsTests/Info.plist;
				IPHONEOS_DEPLOYMENT_TARGET = 13.2;
				LD_RUNPATH_SEARCH_PATHS = (
					"$(inherited)",
					"@executable_path/Frameworks",
					"@loader_path/Frameworks",
				);
				MTL_ENABLE_DEBUG_INFO = NO;
				MTL_FAST_MATH = YES;
				PRODUCT_BUNDLE_IDENTIFIER = MateusForgiarini.MComicsTests;
				PRODUCT_NAME = "$(TARGET_NAME)";
				SDKROOT = iphoneos;
				SWIFT_COMPILATION_MODE = wholemodule;
				SWIFT_OPTIMIZATION_LEVEL = "-O";
				SWIFT_VERSION = 5.0;
				TARGETED_DEVICE_FAMILY = "1,2";
				TEST_HOST = "$(BUILT_PRODUCTS_DIR)/MComics.app/MComics";
				VALIDATE_PRODUCT = YES;
			};
			name = PROD;
		};
		624E01FC245C6D1C006A8FDE /* TEST */ = {
			isa = XCBuildConfiguration;
			baseConfigurationReference = 624E01F8245C6CDA006A8FDE /* TEST.xcconfig */;
			buildSettings = {
				ALWAYS_SEARCH_USER_PATHS = NO;
				CLANG_ANALYZER_NONNULL = YES;
				CLANG_ANALYZER_NUMBER_OBJECT_CONVERSION = YES_AGGRESSIVE;
				CLANG_CXX_LANGUAGE_STANDARD = "gnu++14";
				CLANG_CXX_LIBRARY = "libc++";
				CLANG_ENABLE_MODULES = YES;
				CLANG_ENABLE_OBJC_ARC = YES;
				CLANG_ENABLE_OBJC_WEAK = YES;
				CLANG_WARN_BLOCK_CAPTURE_AUTORELEASING = YES;
				CLANG_WARN_BOOL_CONVERSION = YES;
				CLANG_WARN_COMMA = YES;
				CLANG_WARN_CONSTANT_CONVERSION = YES;
				CLANG_WARN_DEPRECATED_OBJC_IMPLEMENTATIONS = YES;
				CLANG_WARN_DIRECT_OBJC_ISA_USAGE = YES_ERROR;
				CLANG_WARN_DOCUMENTATION_COMMENTS = YES;
				CLANG_WARN_EMPTY_BODY = YES;
				CLANG_WARN_ENUM_CONVERSION = YES;
				CLANG_WARN_INFINITE_RECURSION = YES;
				CLANG_WARN_INT_CONVERSION = YES;
				CLANG_WARN_NON_LITERAL_NULL_CONVERSION = YES;
				CLANG_WARN_OBJC_IMPLICIT_RETAIN_SELF = YES;
				CLANG_WARN_OBJC_LITERAL_CONVERSION = YES;
				CLANG_WARN_OBJC_ROOT_CLASS = YES_ERROR;
				CLANG_WARN_RANGE_LOOP_ANALYSIS = YES;
				CLANG_WARN_STRICT_PROTOTYPES = YES;
				CLANG_WARN_SUSPICIOUS_MOVE = YES;
				CLANG_WARN_UNGUARDED_AVAILABILITY = YES_AGGRESSIVE;
				CLANG_WARN_UNREACHABLE_CODE = YES;
				CLANG_WARN__DUPLICATE_METHOD_MATCH = YES;
				COPY_PHASE_STRIP = NO;
				DEBUG_INFORMATION_FORMAT = "dwarf-with-dsym";
				ENABLE_NS_ASSERTIONS = NO;
				ENABLE_STRICT_OBJC_MSGSEND = YES;
				GCC_C_LANGUAGE_STANDARD = gnu11;
				GCC_NO_COMMON_BLOCKS = YES;
				GCC_WARN_64_TO_32_BIT_CONVERSION = YES;
				GCC_WARN_ABOUT_RETURN_TYPE = YES_ERROR;
				GCC_WARN_UNDECLARED_SELECTOR = YES;
				GCC_WARN_UNINITIALIZED_AUTOS = YES_AGGRESSIVE;
				GCC_WARN_UNUSED_FUNCTION = YES;
				GCC_WARN_UNUSED_VARIABLE = YES;
				IPHONEOS_DEPLOYMENT_TARGET = 13.2;
				MTL_ENABLE_DEBUG_INFO = NO;
				MTL_FAST_MATH = YES;
				SDKROOT = iphoneos;
				SWIFT_COMPILATION_MODE = wholemodule;
				SWIFT_OPTIMIZATION_LEVEL = "-O";
				VALIDATE_PRODUCT = YES;
			};
			name = TEST;
		};
		624E01FD245C6D1C006A8FDE /* TEST */ = {
			isa = XCBuildConfiguration;
			baseConfigurationReference = 624E01F8245C6CDA006A8FDE /* TEST.xcconfig */;
			buildSettings = {
				ASSETCATALOG_COMPILER_APPICON_NAME = AppIcon;
				CODE_SIGN_IDENTITY = "Apple Development";
				CODE_SIGN_STYLE = Automatic;
				DEVELOPMENT_ASSET_PATHS = "\"MComics/Preview Content\"";
				DEVELOPMENT_TEAM = B928X59ZTB;
				ENABLE_PREVIEWS = YES;
				ENABLE_TESTABILITY = YES;
				INFOPLIST_FILE = MComics/Info.plist;
				LD_RUNPATH_SEARCH_PATHS = (
					"$(inherited)",
					"@executable_path/Frameworks",
				);
				PRODUCT_BUNDLE_IDENTIFIER = com.mateusforgiarini.MComics;
				PRODUCT_NAME = "$(TARGET_NAME)";
				PROVISIONING_PROFILE_SPECIFIER = "";
				SWIFT_VERSION = 5.0;
				TARGETED_DEVICE_FAMILY = 1;
			};
			name = TEST;
		};
		625ECB0A245A47A100A7B597 /* PROD */ = {
			isa = XCBuildConfiguration;
			baseConfigurationReference = 625ECB09245A45AA00A7B597 /* PROD.xcconfig */;
			buildSettings = {
				ALWAYS_SEARCH_USER_PATHS = NO;
				CLANG_ANALYZER_NONNULL = YES;
				CLANG_ANALYZER_NUMBER_OBJECT_CONVERSION = YES_AGGRESSIVE;
				CLANG_CXX_LANGUAGE_STANDARD = "gnu++14";
				CLANG_CXX_LIBRARY = "libc++";
				CLANG_ENABLE_MODULES = YES;
				CLANG_ENABLE_OBJC_ARC = YES;
				CLANG_ENABLE_OBJC_WEAK = YES;
				CLANG_WARN_BLOCK_CAPTURE_AUTORELEASING = YES;
				CLANG_WARN_BOOL_CONVERSION = YES;
				CLANG_WARN_COMMA = YES;
				CLANG_WARN_CONSTANT_CONVERSION = YES;
				CLANG_WARN_DEPRECATED_OBJC_IMPLEMENTATIONS = YES;
				CLANG_WARN_DIRECT_OBJC_ISA_USAGE = YES_ERROR;
				CLANG_WARN_DOCUMENTATION_COMMENTS = YES;
				CLANG_WARN_EMPTY_BODY = YES;
				CLANG_WARN_ENUM_CONVERSION = YES;
				CLANG_WARN_INFINITE_RECURSION = YES;
				CLANG_WARN_INT_CONVERSION = YES;
				CLANG_WARN_NON_LITERAL_NULL_CONVERSION = YES;
				CLANG_WARN_OBJC_IMPLICIT_RETAIN_SELF = YES;
				CLANG_WARN_OBJC_LITERAL_CONVERSION = YES;
				CLANG_WARN_OBJC_ROOT_CLASS = YES_ERROR;
				CLANG_WARN_RANGE_LOOP_ANALYSIS = YES;
				CLANG_WARN_STRICT_PROTOTYPES = YES;
				CLANG_WARN_SUSPICIOUS_MOVE = YES;
				CLANG_WARN_UNGUARDED_AVAILABILITY = YES_AGGRESSIVE;
				CLANG_WARN_UNREACHABLE_CODE = YES;
				CLANG_WARN__DUPLICATE_METHOD_MATCH = YES;
				COPY_PHASE_STRIP = NO;
				DEBUG_INFORMATION_FORMAT = "dwarf-with-dsym";
				ENABLE_NS_ASSERTIONS = NO;
				ENABLE_STRICT_OBJC_MSGSEND = YES;
				GCC_C_LANGUAGE_STANDARD = gnu11;
				GCC_NO_COMMON_BLOCKS = YES;
				GCC_WARN_64_TO_32_BIT_CONVERSION = YES;
				GCC_WARN_ABOUT_RETURN_TYPE = YES_ERROR;
				GCC_WARN_UNDECLARED_SELECTOR = YES;
				GCC_WARN_UNINITIALIZED_AUTOS = YES_AGGRESSIVE;
				GCC_WARN_UNUSED_FUNCTION = YES;
				GCC_WARN_UNUSED_VARIABLE = YES;
				IPHONEOS_DEPLOYMENT_TARGET = 13.2;
				MTL_ENABLE_DEBUG_INFO = NO;
				MTL_FAST_MATH = YES;
				SDKROOT = iphoneos;
				SWIFT_COMPILATION_MODE = wholemodule;
				SWIFT_OPTIMIZATION_LEVEL = "-O";
				VALIDATE_PRODUCT = YES;
			};
			name = PROD;
		};
		625ECB0B245A47A100A7B597 /* PROD */ = {
			isa = XCBuildConfiguration;
			baseConfigurationReference = 625ECB09245A45AA00A7B597 /* PROD.xcconfig */;
			buildSettings = {
				ASSETCATALOG_COMPILER_APPICON_NAME = AppIcon;
				CODE_SIGN_IDENTITY = "Apple Development";
				CODE_SIGN_STYLE = Automatic;
				DEVELOPMENT_ASSET_PATHS = "\"MComics/Preview Content\"";
				DEVELOPMENT_TEAM = B928X59ZTB;
				ENABLE_PREVIEWS = YES;
				INFOPLIST_FILE = MComics/Info.plist;
				LD_RUNPATH_SEARCH_PATHS = (
					"$(inherited)",
					"@executable_path/Frameworks",
				);
				PRODUCT_BUNDLE_IDENTIFIER = com.mateusforgiarini.MComics;
				PRODUCT_NAME = "$(TARGET_NAME)";
				PROVISIONING_PROFILE_SPECIFIER = "";
				SWIFT_VERSION = 5.0;
				TARGETED_DEVICE_FAMILY = 1;
			};
			name = PROD;
		};
		625ECB0C245A47A300A7B597 /* DEV */ = {
			isa = XCBuildConfiguration;
			baseConfigurationReference = 625ECB07245A445D00A7B597 /* DEV.xcconfig */;
			buildSettings = {
				ALWAYS_SEARCH_USER_PATHS = NO;
				CLANG_ANALYZER_NONNULL = YES;
				CLANG_ANALYZER_NUMBER_OBJECT_CONVERSION = YES_AGGRESSIVE;
				CLANG_CXX_LANGUAGE_STANDARD = "gnu++14";
				CLANG_CXX_LIBRARY = "libc++";
				CLANG_ENABLE_MODULES = YES;
				CLANG_ENABLE_OBJC_ARC = YES;
				CLANG_ENABLE_OBJC_WEAK = YES;
				CLANG_WARN_BLOCK_CAPTURE_AUTORELEASING = YES;
				CLANG_WARN_BOOL_CONVERSION = YES;
				CLANG_WARN_COMMA = YES;
				CLANG_WARN_CONSTANT_CONVERSION = YES;
				CLANG_WARN_DEPRECATED_OBJC_IMPLEMENTATIONS = YES;
				CLANG_WARN_DIRECT_OBJC_ISA_USAGE = YES_ERROR;
				CLANG_WARN_DOCUMENTATION_COMMENTS = YES;
				CLANG_WARN_EMPTY_BODY = YES;
				CLANG_WARN_ENUM_CONVERSION = YES;
				CLANG_WARN_INFINITE_RECURSION = YES;
				CLANG_WARN_INT_CONVERSION = YES;
				CLANG_WARN_NON_LITERAL_NULL_CONVERSION = YES;
				CLANG_WARN_OBJC_IMPLICIT_RETAIN_SELF = YES;
				CLANG_WARN_OBJC_LITERAL_CONVERSION = YES;
				CLANG_WARN_OBJC_ROOT_CLASS = YES_ERROR;
				CLANG_WARN_RANGE_LOOP_ANALYSIS = YES;
				CLANG_WARN_STRICT_PROTOTYPES = YES;
				CLANG_WARN_SUSPICIOUS_MOVE = YES;
				CLANG_WARN_UNGUARDED_AVAILABILITY = YES_AGGRESSIVE;
				CLANG_WARN_UNREACHABLE_CODE = YES;
				CLANG_WARN__DUPLICATE_METHOD_MATCH = YES;
				COPY_PHASE_STRIP = NO;
				DEBUG_INFORMATION_FORMAT = "dwarf-with-dsym";
				ENABLE_NS_ASSERTIONS = NO;
				ENABLE_STRICT_OBJC_MSGSEND = YES;
				GCC_C_LANGUAGE_STANDARD = gnu11;
				GCC_NO_COMMON_BLOCKS = YES;
				GCC_WARN_64_TO_32_BIT_CONVERSION = YES;
				GCC_WARN_ABOUT_RETURN_TYPE = YES_ERROR;
				GCC_WARN_UNDECLARED_SELECTOR = YES;
				GCC_WARN_UNINITIALIZED_AUTOS = YES_AGGRESSIVE;
				GCC_WARN_UNUSED_FUNCTION = YES;
				GCC_WARN_UNUSED_VARIABLE = YES;
				IPHONEOS_DEPLOYMENT_TARGET = 13.2;
				MTL_ENABLE_DEBUG_INFO = NO;
				MTL_FAST_MATH = YES;
				SDKROOT = iphoneos;
				SWIFT_COMPILATION_MODE = wholemodule;
				SWIFT_OPTIMIZATION_LEVEL = "-O";
				VALIDATE_PRODUCT = YES;
			};
			name = DEV;
		};
		625ECB0D245A47A300A7B597 /* DEV */ = {
			isa = XCBuildConfiguration;
			baseConfigurationReference = 625ECB07245A445D00A7B597 /* DEV.xcconfig */;
			buildSettings = {
				ASSETCATALOG_COMPILER_APPICON_NAME = AppIcon;
				CODE_SIGN_IDENTITY = "Apple Development";
				CODE_SIGN_STYLE = Automatic;
				DEVELOPMENT_ASSET_PATHS = "\"MComics/Preview Content\"";
				DEVELOPMENT_TEAM = B928X59ZTB;
				ENABLE_PREVIEWS = YES;
				INFOPLIST_FILE = MComics/Info.plist;
				LD_RUNPATH_SEARCH_PATHS = (
					"$(inherited)",
					"@executable_path/Frameworks",
				);
				PRODUCT_BUNDLE_IDENTIFIER = com.mateusforgiarini.MComics;
				PRODUCT_NAME = "$(TARGET_NAME)";
				PROVISIONING_PROFILE_SPECIFIER = "";
				SWIFT_VERSION = 5.0;
				TARGETED_DEVICE_FAMILY = 1;
			};
			name = DEV;
		};
/* End XCBuildConfiguration section */

/* Begin XCConfigurationList section */
		622A0BFF245C74A600A47CEC /* Build configuration list for PBXNativeTarget "MComicsTests" */ = {
			isa = XCConfigurationList;
			buildConfigurations = (
				622A0C00245C74A600A47CEC /* DEV */,
				622A0C01245C74A600A47CEC /* TEST */,
				622A0C02245C74A600A47CEC /* PROD */,
			);
			defaultConfigurationIsVisible = 0;
			defaultConfigurationName = PROD;
		};
		B8E03BAE244677E300C3180D /* Build configuration list for PBXProject "MComics" */ = {
			isa = XCConfigurationList;
			buildConfigurations = (
				625ECB0C245A47A300A7B597 /* DEV */,
				624E01FC245C6D1C006A8FDE /* TEST */,
				625ECB0A245A47A100A7B597 /* PROD */,
			);
			defaultConfigurationIsVisible = 0;
			defaultConfigurationName = PROD;
		};
		B8E03BC7244677E500C3180D /* Build configuration list for PBXNativeTarget "MComics" */ = {
			isa = XCConfigurationList;
			buildConfigurations = (
				625ECB0D245A47A300A7B597 /* DEV */,
				624E01FD245C6D1C006A8FDE /* TEST */,
				625ECB0B245A47A100A7B597 /* PROD */,
			);
			defaultConfigurationIsVisible = 0;
			defaultConfigurationName = PROD;
		};
/* End XCConfigurationList section */

/* Begin XCVersionGroup section */
		62BE3F3E2455AE7200285F39 /* MComicsModel.xcdatamodeld */ = {
			isa = XCVersionGroup;
			children = (
				62BE3F3F2455AE7200285F39 /* MComicsModel.xcdatamodel */,
			);
			currentVersion = 62BE3F3F2455AE7200285F39 /* MComicsModel.xcdatamodel */;
			path = MComicsModel.xcdatamodeld;
			sourceTree = "<group>";
			versionGroupType = wrapper.xcdatamodel;
		};
/* End XCVersionGroup section */
	};
	rootObject = B8E03BAB244677E300C3180D /* Project object */;
}
