PODS:
  - SDWebImage (5.7.2):
    - SDWebImage/Core (= 5.7.2)
  - SDWebImage/Core (5.7.2)
  - SDWebImageSwiftUI (0.9.0):
    - SDWebImage (~> 5.3)

DEPENDENCIES:
  - SDWebImageSwiftUI (~> 0.9.0)

SPEC REPOS:
  trunk:
    - SDWebImage
    - SDWebImageSwiftUI

SPEC CHECKSUMS:
  SDWebImage: d9ea4959d99c52276dfada481987018fcaea3d58
  SDWebImageSwiftUI: 7a2259d32b44ed8209b51a167b1b5c2c4e27d479

PODFILE CHECKSUM: 4f1dc19292dcd89488cc6c134f69c7a36bc3278b

COCOAPODS: 1.9.0
